// !$*UTF8*$!
{
	archiveVersion = 1;
	classes = {
	};
	objectVersion = 51;
	objects = {

/* Begin PBXBuildFile section */
		021EC1C05091ABF26808473A /* EditInformationInteractorOutput.swift in Sources */ = {isa = PBXBuildFile; fileRef = 86BD030DE819C7C9EA024A8B /* EditInformationInteractorOutput.swift */; };
		049C6D8CD7516DB043275F18 /* PreviewRouter.swift in Sources */ = {isa = PBXBuildFile; fileRef = E089C96F92DA4B9938680EDE /* PreviewRouter.swift */; };
		0DEDCC47A4971DDDB32CD298 /* ProfileInteractorOutput.swift in Sources */ = {isa = PBXBuildFile; fileRef = 19332506BB8A17E0B2F8A8FB /* ProfileInteractorOutput.swift */; };
		1340A306828C795A080C0FC7 /* EditInformationViewController.swift in Sources */ = {isa = PBXBuildFile; fileRef = 601732125D831F12018DD966 /* EditInformationViewController.swift */; };
		1412C774CE55C6E0C031C6FB /* LoginRouter.swift in Sources */ = {isa = PBXBuildFile; fileRef = A7E9FBA19EF92A573CABB802 /* LoginRouter.swift */; };
		1D6C762DF0CE88CB3A6B94DE /* HomeInteractorInput.swift in Sources */ = {isa = PBXBuildFile; fileRef = 28E089A54B68C75B990FB0BE /* HomeInteractorInput.swift */; };
		234F0F3C5BAADEB25BBE8584 /* EditInformationViewOutput.swift in Sources */ = {isa = PBXBuildFile; fileRef = C2A85F777BBBA6EC2FD06443 /* EditInformationViewOutput.swift */; };
		287BE47BB9D393609581989C /* EditInformationInitializer.swift in Sources */ = {isa = PBXBuildFile; fileRef = 5A635CDC65637FC2A99FBB87 /* EditInformationInitializer.swift */; };
		2D934A296C744ED7E285E9C0 /* ProfileInteractor.swift in Sources */ = {isa = PBXBuildFile; fileRef = 5F872E576D287CE17D07E27D /* ProfileInteractor.swift */; };
		2E12C249EE024C6F04C4550E /* HomeModuleInput.swift in Sources */ = {isa = PBXBuildFile; fileRef = C57F452300545C439222B443 /* HomeModuleInput.swift */; };
		35E0800B4950274D0E7D4706 /* LoginInitializer.swift in Sources */ = {isa = PBXBuildFile; fileRef = 07A32D1AB985482BA4609513 /* LoginInitializer.swift */; };
		3863AFB06EF7BA2D2C85BF44 /* ProfileInitializer.swift in Sources */ = {isa = PBXBuildFile; fileRef = A1CFF49D994BD2777EF36511 /* ProfileInitializer.swift */; };
		3E3A12D9E05DCA0DA55F64FD /* PreviewInteractorInput.swift in Sources */ = {isa = PBXBuildFile; fileRef = 2E6BB7E90121513CD3389ADC /* PreviewInteractorInput.swift */; };
		470FAFC7358056792B9DC804 /* PreviewInteractorOutput.swift in Sources */ = {isa = PBXBuildFile; fileRef = 6ADE9583A9986F32860A2F0A /* PreviewInteractorOutput.swift */; };
		4CC5A9741515EC05FC66C938 /* ProfileModuleInput.swift in Sources */ = {isa = PBXBuildFile; fileRef = 1BBECF3885BB89903358CA2D /* ProfileModuleInput.swift */; };
		532FF4F723511381864AEC20 /* PreviewInitializer.swift in Sources */ = {isa = PBXBuildFile; fileRef = 7A447CB263B29E489CD7A1BA /* PreviewInitializer.swift */; };
		55574D10A6A8CAB8E61D9994 /* PreviewInteractor.swift in Sources */ = {isa = PBXBuildFile; fileRef = E3BA7F9882FD4810D75E1D28 /* PreviewInteractor.swift */; };
		56615C62A114E681AE72A01B /* HomeRouter.swift in Sources */ = {isa = PBXBuildFile; fileRef = 0CFFD28B57959F5B32F0FD98 /* HomeRouter.swift */; };
		568CF19A7F36CF7859D1E3A3 /* ProfileConfigurator.swift in Sources */ = {isa = PBXBuildFile; fileRef = 64FE496759662A02DDBF1FB9 /* ProfileConfigurator.swift */; };
		56AD86C9CCE66F26F4BFE943 /* PreviewPresenter.swift in Sources */ = {isa = PBXBuildFile; fileRef = 9F9081166A9ED30548FBA4D9 /* PreviewPresenter.swift */; };
		5A166C04269BF43200E590C7 /* Home.storyboard in Resources */ = {isa = PBXBuildFile; fileRef = 5A166C03269BF43200E590C7 /* Home.storyboard */; };
		5A166C06269C046000E590C7 /* UserStatus.swift in Sources */ = {isa = PBXBuildFile; fileRef = 5A166C05269C046000E590C7 /* UserStatus.swift */; };
		5A166C08269C054B00E590C7 /* QusetionnaireState.swift in Sources */ = {isa = PBXBuildFile; fileRef = 5A166C07269C054B00E590C7 /* QusetionnaireState.swift */; };
		5A166C0A269C2EC500E590C7 /* UIColor.swift in Sources */ = {isa = PBXBuildFile; fileRef = 5A166C09269C2EC500E590C7 /* UIColor.swift */; };
		5A166C0C269C2F7400E590C7 /* String.swift in Sources */ = {isa = PBXBuildFile; fileRef = 5A166C0B269C2F7400E590C7 /* String.swift */; };
		5A166C10269C319000E590C7 /* ProfileServiceProtocol.swift in Sources */ = {isa = PBXBuildFile; fileRef = 5A166C0F269C319000E590C7 /* ProfileServiceProtocol.swift */; };
		5A166C12269C366600E590C7 /* Tabbar.storyboard in Resources */ = {isa = PBXBuildFile; fileRef = 5A166C11269C366600E590C7 /* Tabbar.storyboard */; };
		5A166C14269C3E6D00E590C7 /* AppRouter.swift in Sources */ = {isa = PBXBuildFile; fileRef = 5A166C13269C3E6D00E590C7 /* AppRouter.swift */; };
		5A1E8BB226983D62001179F7 /* Login.storyboard in Resources */ = {isa = PBXBuildFile; fileRef = 5A1E8BB126983D62001179F7 /* Login.storyboard */; };
		5A1E8BB6269840B9001179F7 /* User.swift in Sources */ = {isa = PBXBuildFile; fileRef = 5A1E8BB5269840B9001179F7 /* User.swift */; };
		5A1E8BB826984454001179F7 /* ValidationError.swift in Sources */ = {isa = PBXBuildFile; fileRef = 5A1E8BB726984454001179F7 /* ValidationError.swift */; };
		5A3801AF2695D93100883225 /* AppDelegate.swift in Sources */ = {isa = PBXBuildFile; fileRef = 5A3801AE2695D93100883225 /* AppDelegate.swift */; };
		5A3801B12695D93100883225 /* SceneDelegate.swift in Sources */ = {isa = PBXBuildFile; fileRef = 5A3801B02695D93100883225 /* SceneDelegate.swift */; };
		5A3801B82695D93200883225 /* Assets.xcassets in Resources */ = {isa = PBXBuildFile; fileRef = 5A3801B72695D93200883225 /* Assets.xcassets */; };
		5A3801BB2695D93200883225 /* LaunchScreen.storyboard in Resources */ = {isa = PBXBuildFile; fileRef = 5A3801B92695D93200883225 /* LaunchScreen.storyboard */; };
		5A6F2C51269AAB32006B065D /* ViewInput.swift in Sources */ = {isa = PBXBuildFile; fileRef = 5A6F2C50269AAB32006B065D /* ViewInput.swift */; };
		5A6F2C53269AB779006B065D /* RoundButton.swift in Sources */ = {isa = PBXBuildFile; fileRef = 5A6F2C52269AB779006B065D /* RoundButton.swift */; };
		5A6F2C56269ABB34006B065D /* UIButton+setBackgroundColor.swift in Sources */ = {isa = PBXBuildFile; fileRef = 5A6F2C55269ABB34006B065D /* UIButton+setBackgroundColor.swift */; };
		5A6F2C58269AD8BA006B065D /* ProfileService.swift in Sources */ = {isa = PBXBuildFile; fileRef = 5A6F2C57269AD8BA006B065D /* ProfileService.swift */; };
		5A6F2C5A269ADD24006B065D /* UserDefaults+Key.swift in Sources */ = {isa = PBXBuildFile; fileRef = 5A6F2C59269ADD24006B065D /* UserDefaults+Key.swift */; };
		5A6F2C5F269B58A9006B065D /* String+isValid.swift in Sources */ = {isa = PBXBuildFile; fileRef = 5A6F2C5E269B58A9006B065D /* String+isValid.swift */; };
		5A70C45326D3A2F80046675D /* ProfileObserver.swift in Sources */ = {isa = PBXBuildFile; fileRef = 5A70C45226D3A2F80046675D /* ProfileObserver.swift */; };
		5A70C45526D3A3D50046675D /* WeakBox.swift in Sources */ = {isa = PBXBuildFile; fileRef = 5A70C45426D3A3D50046675D /* WeakBox.swift */; };
		5A71B2F6269EFE46001A6259 /* Profile.storyboard in Resources */ = {isa = PBXBuildFile; fileRef = 5A71B2F5269EFE46001A6259 /* Profile.storyboard */; };
		5AE1A50326E61722009FCD4A /* Preview.storyboard in Resources */ = {isa = PBXBuildFile; fileRef = 5AE1A50226E61722009FCD4A /* Preview.storyboard */; };
		5AE8500426DB98DA00A834D2 /* Quiz.swift in Sources */ = {isa = PBXBuildFile; fileRef = 5AE8500326DB98DA00A834D2 /* Quiz.swift */; };
		5AE8500726DB9C1600A834D2 /* QuizService.swift in Sources */ = {isa = PBXBuildFile; fileRef = 5AE8500626DB9C1600A834D2 /* QuizService.swift */; };
		5AE8500926DB9C2300A834D2 /* QuizServiceProtocol.swift in Sources */ = {isa = PBXBuildFile; fileRef = 5AE8500826DB9C2300A834D2 /* QuizServiceProtocol.swift */; };
		5AE8500B26DB9C3400A834D2 /* QuizObserver.swift in Sources */ = {isa = PBXBuildFile; fileRef = 5AE8500A26DB9C3400A834D2 /* QuizObserver.swift */; };
		5AFFFCEA26AEC03400E9F3F1 /* SystemError.swift in Sources */ = {isa = PBXBuildFile; fileRef = 5AFFFCE926AEC03400E9F3F1 /* SystemError.swift */; };
		5B176EBE641D291752067AA8 /* ProfileViewOutput.swift in Sources */ = {isa = PBXBuildFile; fileRef = 549A076939854C22E1C60212 /* ProfileViewOutput.swift */; };
		5FEA458D538B1C0D63E53B2D /* LoginInteractorOutput.swift in Sources */ = {isa = PBXBuildFile; fileRef = 9AC1BAC5DE7A4F22DE8690A2 /* LoginInteractorOutput.swift */; };
		61BF5B7CEAE781CE40CDC899 /* LoginConfigurator.swift in Sources */ = {isa = PBXBuildFile; fileRef = D072AD93DCEAFD5C9BF4BA60 /* LoginConfigurator.swift */; };
		62C499E38C23A315356603BA /* HomeRouterInput.swift in Sources */ = {isa = PBXBuildFile; fileRef = E42BE893CAC0953665FDE976 /* HomeRouterInput.swift */; };
		7086D6C5570BFF519D70DAAE /* PreviewViewController.swift in Sources */ = {isa = PBXBuildFile; fileRef = 68D7D9B821A5D56F65BEEC02 /* PreviewViewController.swift */; };
		72139DC4AAE04F466499440C /* EditInformationInteractorInput.swift in Sources */ = {isa = PBXBuildFile; fileRef = A9315268719AF54B2F1656A1 /* EditInformationInteractorInput.swift */; };
		7527CAD75382A2FA6E456768 /* HomeInteractor.swift in Sources */ = {isa = PBXBuildFile; fileRef = 1A2A9CC1E7A655A123351912 /* HomeInteractor.swift */; };
		76065D4EE9D4EA031CC33D6A /* EditInformationConfigurator.swift in Sources */ = {isa = PBXBuildFile; fileRef = 34B079B954C2CF4F346CAFB3 /* EditInformationConfigurator.swift */; };
		76931ADB234837C57BFBD1E7 /* EditInformationInteractor.swift in Sources */ = {isa = PBXBuildFile; fileRef = EEC048A1E0E203965C17CA61 /* EditInformationInteractor.swift */; };
		7753ECFF73C009128CA71D7C /* PreviewViewOutput.swift in Sources */ = {isa = PBXBuildFile; fileRef = A9C227DEAEEBC83A6C40F7BE /* PreviewViewOutput.swift */; };
		7AA7E08EA584ECAFD5692688 /* HomeViewInput.swift in Sources */ = {isa = PBXBuildFile; fileRef = 796822C594D58E6E7A7FE43D /* HomeViewInput.swift */; };
		7CB0BE1BF83FB1F714E5437F /* HomeViewController.swift in Sources */ = {isa = PBXBuildFile; fileRef = 09ADBEAD0623485CAB867408 /* HomeViewController.swift */; };
		7DED072E5EC31A88F94113F7 /* EditInformationPresenter.swift in Sources */ = {isa = PBXBuildFile; fileRef = 36B9B58C3A65CF663034C347 /* EditInformationPresenter.swift */; };
		7FA0EB6918729B2EA44FE5C6 /* LoginModuleInput.swift in Sources */ = {isa = PBXBuildFile; fileRef = EE2B3F436F6510CF6946D596 /* LoginModuleInput.swift */; };
		8442C56DA9E51614B65C96E2 /* HomePresenter.swift in Sources */ = {isa = PBXBuildFile; fileRef = 497C2ADF3575B2F4AF3C6F46 /* HomePresenter.swift */; };
		86B2746274732B392ACAA9AF /* HomeInitializer.swift in Sources */ = {isa = PBXBuildFile; fileRef = 962886E9107AEA9C60246EAD /* HomeInitializer.swift */; };
		8B66E60129903C989F98FEC4 /* HomeInteractorOutput.swift in Sources */ = {isa = PBXBuildFile; fileRef = 3884B6BBFCFC05A5337FDC95 /* HomeInteractorOutput.swift */; };
		8EC133E5A2945E72D636FA32 /* ProfileInteractorInput.swift in Sources */ = {isa = PBXBuildFile; fileRef = 4C642DB194C16080141E1F13 /* ProfileInteractorInput.swift */; };
		95DF157672D2724F1B2842E5 /* ProfileViewController.swift in Sources */ = {isa = PBXBuildFile; fileRef = BD3593C045FE6D5C5ABC78CE /* ProfileViewController.swift */; };
		97B595820F9DB1D896A92F71 /* ProfileViewInput.swift in Sources */ = {isa = PBXBuildFile; fileRef = CEE355EABA470CF110C7EA29 /* ProfileViewInput.swift */; };
		9B9B2EE8B558B52CB9602C40 /* LoginViewController.swift in Sources */ = {isa = PBXBuildFile; fileRef = 40202D76FE8F86631EECED60 /* LoginViewController.swift */; };
		9E92996860D761801CB29D86 /* LoginViewOutput.swift in Sources */ = {isa = PBXBuildFile; fileRef = 36D87C7304176BA9AC667ECD /* LoginViewOutput.swift */; };
		A6B9C09DA15838EF4C1C6A7D /* LoginInteractorInput.swift in Sources */ = {isa = PBXBuildFile; fileRef = B9C07331B69F3FDFE224B9B1 /* LoginInteractorInput.swift */; };
		AADD96C7CB408FF413D9633E /* PreviewModuleInput.swift in Sources */ = {isa = PBXBuildFile; fileRef = FEE45C5E72938F300448BFC4 /* PreviewModuleInput.swift */; };
		B0388DAFB78645FC4999865C /* LoginRouterInput.swift in Sources */ = {isa = PBXBuildFile; fileRef = 7EF8B148594B4B0EB22EB8B3 /* LoginRouterInput.swift */; };
		B18766311B85F9B66D4EEEDA /* PreviewViewInput.swift in Sources */ = {isa = PBXBuildFile; fileRef = BCCF66AA17A4C9BDCC96E5C6 /* PreviewViewInput.swift */; };
		BEA3CCD1030E3AFEFD03EF36 /* ProfileRouter.swift in Sources */ = {isa = PBXBuildFile; fileRef = 10AF999ACCFCEDDA5A94E6E7 /* ProfileRouter.swift */; };
		C10F448C496F867013E649C5 /* EditInformationRouterInput.swift in Sources */ = {isa = PBXBuildFile; fileRef = 4758DB157F183D1E96EA715E /* EditInformationRouterInput.swift */; };
		C5EF1488C0836FE095CDD259 /* Pods_NeuroApp.framework in Frameworks */ = {isa = PBXBuildFile; fileRef = 0EA0EA2B4FCF93DB77BBF460 /* Pods_NeuroApp.framework */; };
		CB4A5B3489D0395473C8AB96 /* HomeConfigurator.swift in Sources */ = {isa = PBXBuildFile; fileRef = ED3005244E99B30E6EDE9DC5 /* HomeConfigurator.swift */; };
		CDBB2D374B7E0CD950A6A2B5 /* ProfilePresenter.swift in Sources */ = {isa = PBXBuildFile; fileRef = D5E9654D168ABD17C9D1BAEE /* ProfilePresenter.swift */; };
		D8E75D43246BF0C78E6A0B1A /* EditInformationModuleInput.swift in Sources */ = {isa = PBXBuildFile; fileRef = 60C9959B355F415BFAC9490E /* EditInformationModuleInput.swift */; };
		DC40A00B20A3786F8C53AE08 /* LoginPresenter.swift in Sources */ = {isa = PBXBuildFile; fileRef = DBEFB1E4E929268C0496E42F /* LoginPresenter.swift */; };
		DD071CB98B5F5861BD9F8A8B /* EditInformationRouter.swift in Sources */ = {isa = PBXBuildFile; fileRef = A0D17835045787ABEB1D8ADA /* EditInformationRouter.swift */; };
		E82616554F277E1DF872E609 /* EditInformationViewInput.swift in Sources */ = {isa = PBXBuildFile; fileRef = CFF67239ECED810C5334CD3E /* EditInformationViewInput.swift */; };
		EB55F9B8D34CC3D1DB9CD509 /* PreviewConfigurator.swift in Sources */ = {isa = PBXBuildFile; fileRef = FB047CD13D1144074596B737 /* PreviewConfigurator.swift */; };
		F1326626EA12D7448B95F0C6 /* LoginViewInput.swift in Sources */ = {isa = PBXBuildFile; fileRef = 8BE92981166A6B978CB561F9 /* LoginViewInput.swift */; };
		F629D17B211AB1689F3AB06D /* PreviewRouterInput.swift in Sources */ = {isa = PBXBuildFile; fileRef = 4A368DC00AF4377240AC8EB3 /* PreviewRouterInput.swift */; };
		F9509ED53CBB70AE2ACCEABE /* ProfileRouterInput.swift in Sources */ = {isa = PBXBuildFile; fileRef = 25FFAB5641B63D2D0BE280F6 /* ProfileRouterInput.swift */; };
		FBAA2CFEA779E79C9486E8C2 /* LoginInteractor.swift in Sources */ = {isa = PBXBuildFile; fileRef = 7C032DA1AA468A79E6DB51B4 /* LoginInteractor.swift */; };
		FD05C95E98B90F25AEE63C18 /* HomeViewOutput.swift in Sources */ = {isa = PBXBuildFile; fileRef = B32659D09DDAB211BD5B95F5 /* HomeViewOutput.swift */; };
/* End PBXBuildFile section */

/* Begin PBXFileReference section */
		07A32D1AB985482BA4609513 /* LoginInitializer.swift */ = {isa = PBXFileReference; includeInIndex = 1; lastKnownFileType = sourcecode.swift; path = LoginInitializer.swift; sourceTree = "<group>"; };
		09ADBEAD0623485CAB867408 /* HomeViewController.swift */ = {isa = PBXFileReference; includeInIndex = 1; lastKnownFileType = sourcecode.swift; path = HomeViewController.swift; sourceTree = "<group>"; };
		0CFFD28B57959F5B32F0FD98 /* HomeRouter.swift */ = {isa = PBXFileReference; includeInIndex = 1; lastKnownFileType = sourcecode.swift; path = HomeRouter.swift; sourceTree = "<group>"; };
		0EA0EA2B4FCF93DB77BBF460 /* Pods_NeuroApp.framework */ = {isa = PBXFileReference; explicitFileType = wrapper.framework; includeInIndex = 0; path = Pods_NeuroApp.framework; sourceTree = BUILT_PRODUCTS_DIR; };
		10AF999ACCFCEDDA5A94E6E7 /* ProfileRouter.swift */ = {isa = PBXFileReference; includeInIndex = 1; lastKnownFileType = sourcecode.swift; path = ProfileRouter.swift; sourceTree = "<group>"; };
		19332506BB8A17E0B2F8A8FB /* ProfileInteractorOutput.swift */ = {isa = PBXFileReference; includeInIndex = 1; lastKnownFileType = sourcecode.swift; path = ProfileInteractorOutput.swift; sourceTree = "<group>"; };
		1A2A9CC1E7A655A123351912 /* HomeInteractor.swift */ = {isa = PBXFileReference; includeInIndex = 1; lastKnownFileType = sourcecode.swift; path = HomeInteractor.swift; sourceTree = "<group>"; };
		1BBECF3885BB89903358CA2D /* ProfileModuleInput.swift */ = {isa = PBXFileReference; includeInIndex = 1; lastKnownFileType = sourcecode.swift; path = ProfileModuleInput.swift; sourceTree = "<group>"; };
		25FFAB5641B63D2D0BE280F6 /* ProfileRouterInput.swift */ = {isa = PBXFileReference; includeInIndex = 1; lastKnownFileType = sourcecode.swift; path = ProfileRouterInput.swift; sourceTree = "<group>"; };
		28E089A54B68C75B990FB0BE /* HomeInteractorInput.swift */ = {isa = PBXFileReference; includeInIndex = 1; lastKnownFileType = sourcecode.swift; path = HomeInteractorInput.swift; sourceTree = "<group>"; };
		2E6BB7E90121513CD3389ADC /* PreviewInteractorInput.swift */ = {isa = PBXFileReference; includeInIndex = 1; lastKnownFileType = sourcecode.swift; path = PreviewInteractorInput.swift; sourceTree = "<group>"; };
		34B079B954C2CF4F346CAFB3 /* EditInformationConfigurator.swift */ = {isa = PBXFileReference; includeInIndex = 1; lastKnownFileType = sourcecode.swift; path = EditInformationConfigurator.swift; sourceTree = "<group>"; };
		36B9B58C3A65CF663034C347 /* EditInformationPresenter.swift */ = {isa = PBXFileReference; includeInIndex = 1; lastKnownFileType = sourcecode.swift; path = EditInformationPresenter.swift; sourceTree = "<group>"; };
		36D87C7304176BA9AC667ECD /* LoginViewOutput.swift */ = {isa = PBXFileReference; includeInIndex = 1; lastKnownFileType = sourcecode.swift; path = LoginViewOutput.swift; sourceTree = "<group>"; };
		3884B6BBFCFC05A5337FDC95 /* HomeInteractorOutput.swift */ = {isa = PBXFileReference; includeInIndex = 1; lastKnownFileType = sourcecode.swift; path = HomeInteractorOutput.swift; sourceTree = "<group>"; };
		3CF92E3AF3D915B2C760514E /* Pods-NeuroApp.release.xcconfig */ = {isa = PBXFileReference; includeInIndex = 1; lastKnownFileType = text.xcconfig; name = "Pods-NeuroApp.release.xcconfig"; path = "Target Support Files/Pods-NeuroApp/Pods-NeuroApp.release.xcconfig"; sourceTree = "<group>"; };
		40202D76FE8F86631EECED60 /* LoginViewController.swift */ = {isa = PBXFileReference; includeInIndex = 1; lastKnownFileType = sourcecode.swift; path = LoginViewController.swift; sourceTree = "<group>"; };
		4758DB157F183D1E96EA715E /* EditInformationRouterInput.swift */ = {isa = PBXFileReference; includeInIndex = 1; lastKnownFileType = sourcecode.swift; path = EditInformationRouterInput.swift; sourceTree = "<group>"; };
		497C2ADF3575B2F4AF3C6F46 /* HomePresenter.swift */ = {isa = PBXFileReference; includeInIndex = 1; lastKnownFileType = sourcecode.swift; path = HomePresenter.swift; sourceTree = "<group>"; };
		4A368DC00AF4377240AC8EB3 /* PreviewRouterInput.swift */ = {isa = PBXFileReference; includeInIndex = 1; lastKnownFileType = sourcecode.swift; path = PreviewRouterInput.swift; sourceTree = "<group>"; };
		4C642DB194C16080141E1F13 /* ProfileInteractorInput.swift */ = {isa = PBXFileReference; includeInIndex = 1; lastKnownFileType = sourcecode.swift; path = ProfileInteractorInput.swift; sourceTree = "<group>"; };
		549A076939854C22E1C60212 /* ProfileViewOutput.swift */ = {isa = PBXFileReference; includeInIndex = 1; lastKnownFileType = sourcecode.swift; path = ProfileViewOutput.swift; sourceTree = "<group>"; };
		5A166C03269BF43200E590C7 /* Home.storyboard */ = {isa = PBXFileReference; lastKnownFileType = file.storyboard; path = Home.storyboard; sourceTree = "<group>"; };
		5A166C05269C046000E590C7 /* UserStatus.swift */ = {isa = PBXFileReference; lastKnownFileType = sourcecode.swift; path = UserStatus.swift; sourceTree = "<group>"; };
		5A166C07269C054B00E590C7 /* QusetionnaireState.swift */ = {isa = PBXFileReference; lastKnownFileType = sourcecode.swift; path = QusetionnaireState.swift; sourceTree = "<group>"; };
		5A166C09269C2EC500E590C7 /* UIColor.swift */ = {isa = PBXFileReference; lastKnownFileType = sourcecode.swift; path = UIColor.swift; sourceTree = "<group>"; };
		5A166C0B269C2F7400E590C7 /* String.swift */ = {isa = PBXFileReference; lastKnownFileType = sourcecode.swift; path = String.swift; sourceTree = "<group>"; };
		5A166C0F269C319000E590C7 /* ProfileServiceProtocol.swift */ = {isa = PBXFileReference; lastKnownFileType = sourcecode.swift; path = ProfileServiceProtocol.swift; sourceTree = "<group>"; };
		5A166C11269C366600E590C7 /* Tabbar.storyboard */ = {isa = PBXFileReference; lastKnownFileType = file.storyboard; path = Tabbar.storyboard; sourceTree = "<group>"; };
		5A166C13269C3E6D00E590C7 /* AppRouter.swift */ = {isa = PBXFileReference; lastKnownFileType = sourcecode.swift; path = AppRouter.swift; sourceTree = "<group>"; };
		5A1E8BB126983D62001179F7 /* Login.storyboard */ = {isa = PBXFileReference; lastKnownFileType = file.storyboard; path = Login.storyboard; sourceTree = "<group>"; };
		5A1E8BB5269840B9001179F7 /* User.swift */ = {isa = PBXFileReference; lastKnownFileType = sourcecode.swift; path = User.swift; sourceTree = "<group>"; };
		5A1E8BB726984454001179F7 /* ValidationError.swift */ = {isa = PBXFileReference; lastKnownFileType = sourcecode.swift; path = ValidationError.swift; sourceTree = "<group>"; };
		5A3801AB2695D93100883225 /* NeuroApp.app */ = {isa = PBXFileReference; explicitFileType = wrapper.application; includeInIndex = 0; path = NeuroApp.app; sourceTree = BUILT_PRODUCTS_DIR; };
		5A3801AE2695D93100883225 /* AppDelegate.swift */ = {isa = PBXFileReference; lastKnownFileType = sourcecode.swift; path = AppDelegate.swift; sourceTree = "<group>"; };
		5A3801B02695D93100883225 /* SceneDelegate.swift */ = {isa = PBXFileReference; lastKnownFileType = sourcecode.swift; path = SceneDelegate.swift; sourceTree = "<group>"; };
		5A3801B72695D93200883225 /* Assets.xcassets */ = {isa = PBXFileReference; lastKnownFileType = folder.assetcatalog; path = Assets.xcassets; sourceTree = "<group>"; };
		5A3801BA2695D93200883225 /* Base */ = {isa = PBXFileReference; lastKnownFileType = file.storyboard; name = Base; path = Base.lproj/LaunchScreen.storyboard; sourceTree = "<group>"; };
		5A3801BC2695D93200883225 /* Info.plist */ = {isa = PBXFileReference; lastKnownFileType = text.plist.xml; path = Info.plist; sourceTree = "<group>"; };
		5A635CDC65637FC2A99FBB87 /* EditInformationInitializer.swift */ = {isa = PBXFileReference; includeInIndex = 1; lastKnownFileType = sourcecode.swift; path = EditInformationInitializer.swift; sourceTree = "<group>"; };
		5A6F2C50269AAB32006B065D /* ViewInput.swift */ = {isa = PBXFileReference; lastKnownFileType = sourcecode.swift; path = ViewInput.swift; sourceTree = "<group>"; };
		5A6F2C52269AB779006B065D /* RoundButton.swift */ = {isa = PBXFileReference; lastKnownFileType = sourcecode.swift; path = RoundButton.swift; sourceTree = "<group>"; };
		5A6F2C55269ABB34006B065D /* UIButton+setBackgroundColor.swift */ = {isa = PBXFileReference; lastKnownFileType = sourcecode.swift; path = "UIButton+setBackgroundColor.swift"; sourceTree = "<group>"; };
		5A6F2C57269AD8BA006B065D /* ProfileService.swift */ = {isa = PBXFileReference; lastKnownFileType = sourcecode.swift; path = ProfileService.swift; sourceTree = "<group>"; };
		5A6F2C59269ADD24006B065D /* UserDefaults+Key.swift */ = {isa = PBXFileReference; lastKnownFileType = sourcecode.swift; path = "UserDefaults+Key.swift"; sourceTree = "<group>"; };
		5A6F2C5E269B58A9006B065D /* String+isValid.swift */ = {isa = PBXFileReference; lastKnownFileType = sourcecode.swift; path = "String+isValid.swift"; sourceTree = "<group>"; };
		5A70C45226D3A2F80046675D /* ProfileObserver.swift */ = {isa = PBXFileReference; lastKnownFileType = sourcecode.swift; path = ProfileObserver.swift; sourceTree = "<group>"; };
		5A70C45426D3A3D50046675D /* WeakBox.swift */ = {isa = PBXFileReference; lastKnownFileType = sourcecode.swift; path = WeakBox.swift; sourceTree = "<group>"; };
		5A71B2F5269EFE46001A6259 /* Profile.storyboard */ = {isa = PBXFileReference; lastKnownFileType = file.storyboard; path = Profile.storyboard; sourceTree = "<group>"; };
		5AE1A50226E61722009FCD4A /* Preview.storyboard */ = {isa = PBXFileReference; lastKnownFileType = file.storyboard; path = Preview.storyboard; sourceTree = "<group>"; };
		5AE8500326DB98DA00A834D2 /* Quiz.swift */ = {isa = PBXFileReference; lastKnownFileType = sourcecode.swift; path = Quiz.swift; sourceTree = "<group>"; };
		5AE8500626DB9C1600A834D2 /* QuizService.swift */ = {isa = PBXFileReference; lastKnownFileType = sourcecode.swift; path = QuizService.swift; sourceTree = "<group>"; };
		5AE8500826DB9C2300A834D2 /* QuizServiceProtocol.swift */ = {isa = PBXFileReference; lastKnownFileType = sourcecode.swift; path = QuizServiceProtocol.swift; sourceTree = "<group>"; };
		5AE8500A26DB9C3400A834D2 /* QuizObserver.swift */ = {isa = PBXFileReference; lastKnownFileType = sourcecode.swift; path = QuizObserver.swift; sourceTree = "<group>"; };
		5AFFFCE926AEC03400E9F3F1 /* SystemError.swift */ = {isa = PBXFileReference; lastKnownFileType = sourcecode.swift; path = SystemError.swift; sourceTree = "<group>"; };
		5F872E576D287CE17D07E27D /* ProfileInteractor.swift */ = {isa = PBXFileReference; includeInIndex = 1; lastKnownFileType = sourcecode.swift; path = ProfileInteractor.swift; sourceTree = "<group>"; };
		601732125D831F12018DD966 /* EditInformationViewController.swift */ = {isa = PBXFileReference; includeInIndex = 1; lastKnownFileType = sourcecode.swift; path = EditInformationViewController.swift; sourceTree = "<group>"; };
		60C9959B355F415BFAC9490E /* EditInformationModuleInput.swift */ = {isa = PBXFileReference; includeInIndex = 1; lastKnownFileType = sourcecode.swift; path = EditInformationModuleInput.swift; sourceTree = "<group>"; };
		64FE496759662A02DDBF1FB9 /* ProfileConfigurator.swift */ = {isa = PBXFileReference; includeInIndex = 1; lastKnownFileType = sourcecode.swift; path = ProfileConfigurator.swift; sourceTree = "<group>"; };
		68D7D9B821A5D56F65BEEC02 /* PreviewViewController.swift */ = {isa = PBXFileReference; includeInIndex = 1; lastKnownFileType = sourcecode.swift; path = PreviewViewController.swift; sourceTree = "<group>"; };
		6ADE9583A9986F32860A2F0A /* PreviewInteractorOutput.swift */ = {isa = PBXFileReference; includeInIndex = 1; lastKnownFileType = sourcecode.swift; path = PreviewInteractorOutput.swift; sourceTree = "<group>"; };
		796822C594D58E6E7A7FE43D /* HomeViewInput.swift */ = {isa = PBXFileReference; includeInIndex = 1; lastKnownFileType = sourcecode.swift; path = HomeViewInput.swift; sourceTree = "<group>"; };
		7A447CB263B29E489CD7A1BA /* PreviewInitializer.swift */ = {isa = PBXFileReference; includeInIndex = 1; lastKnownFileType = sourcecode.swift; path = PreviewInitializer.swift; sourceTree = "<group>"; };
		7C032DA1AA468A79E6DB51B4 /* LoginInteractor.swift */ = {isa = PBXFileReference; includeInIndex = 1; lastKnownFileType = sourcecode.swift; path = LoginInteractor.swift; sourceTree = "<group>"; };
		7EF8B148594B4B0EB22EB8B3 /* LoginRouterInput.swift */ = {isa = PBXFileReference; includeInIndex = 1; lastKnownFileType = sourcecode.swift; path = LoginRouterInput.swift; sourceTree = "<group>"; };
		86BD030DE819C7C9EA024A8B /* EditInformationInteractorOutput.swift */ = {isa = PBXFileReference; includeInIndex = 1; lastKnownFileType = sourcecode.swift; path = EditInformationInteractorOutput.swift; sourceTree = "<group>"; };
		8BE92981166A6B978CB561F9 /* LoginViewInput.swift */ = {isa = PBXFileReference; includeInIndex = 1; lastKnownFileType = sourcecode.swift; path = LoginViewInput.swift; sourceTree = "<group>"; };
		962886E9107AEA9C60246EAD /* HomeInitializer.swift */ = {isa = PBXFileReference; includeInIndex = 1; lastKnownFileType = sourcecode.swift; path = HomeInitializer.swift; sourceTree = "<group>"; };
		9AC1BAC5DE7A4F22DE8690A2 /* LoginInteractorOutput.swift */ = {isa = PBXFileReference; includeInIndex = 1; lastKnownFileType = sourcecode.swift; path = LoginInteractorOutput.swift; sourceTree = "<group>"; };
		9F9081166A9ED30548FBA4D9 /* PreviewPresenter.swift */ = {isa = PBXFileReference; includeInIndex = 1; lastKnownFileType = sourcecode.swift; path = PreviewPresenter.swift; sourceTree = "<group>"; };
		A0D17835045787ABEB1D8ADA /* EditInformationRouter.swift */ = {isa = PBXFileReference; includeInIndex = 1; lastKnownFileType = sourcecode.swift; path = EditInformationRouter.swift; sourceTree = "<group>"; };
		A1CFF49D994BD2777EF36511 /* ProfileInitializer.swift */ = {isa = PBXFileReference; includeInIndex = 1; lastKnownFileType = sourcecode.swift; path = ProfileInitializer.swift; sourceTree = "<group>"; };
		A7E9FBA19EF92A573CABB802 /* LoginRouter.swift */ = {isa = PBXFileReference; includeInIndex = 1; lastKnownFileType = sourcecode.swift; path = LoginRouter.swift; sourceTree = "<group>"; };
		A9315268719AF54B2F1656A1 /* EditInformationInteractorInput.swift */ = {isa = PBXFileReference; includeInIndex = 1; lastKnownFileType = sourcecode.swift; path = EditInformationInteractorInput.swift; sourceTree = "<group>"; };
		A9C227DEAEEBC83A6C40F7BE /* PreviewViewOutput.swift */ = {isa = PBXFileReference; includeInIndex = 1; lastKnownFileType = sourcecode.swift; path = PreviewViewOutput.swift; sourceTree = "<group>"; };
		B32659D09DDAB211BD5B95F5 /* HomeViewOutput.swift */ = {isa = PBXFileReference; includeInIndex = 1; lastKnownFileType = sourcecode.swift; path = HomeViewOutput.swift; sourceTree = "<group>"; };
		B9C07331B69F3FDFE224B9B1 /* LoginInteractorInput.swift */ = {isa = PBXFileReference; includeInIndex = 1; lastKnownFileType = sourcecode.swift; path = LoginInteractorInput.swift; sourceTree = "<group>"; };
		BCCF66AA17A4C9BDCC96E5C6 /* PreviewViewInput.swift */ = {isa = PBXFileReference; includeInIndex = 1; lastKnownFileType = sourcecode.swift; path = PreviewViewInput.swift; sourceTree = "<group>"; };
		BD3593C045FE6D5C5ABC78CE /* ProfileViewController.swift */ = {isa = PBXFileReference; includeInIndex = 1; lastKnownFileType = sourcecode.swift; path = ProfileViewController.swift; sourceTree = "<group>"; };
		BEB5D7C3CD95221617F4863F /* Pods-NeuroApp.debug.xcconfig */ = {isa = PBXFileReference; includeInIndex = 1; lastKnownFileType = text.xcconfig; name = "Pods-NeuroApp.debug.xcconfig"; path = "Target Support Files/Pods-NeuroApp/Pods-NeuroApp.debug.xcconfig"; sourceTree = "<group>"; };
		C2A85F777BBBA6EC2FD06443 /* EditInformationViewOutput.swift */ = {isa = PBXFileReference; includeInIndex = 1; lastKnownFileType = sourcecode.swift; path = EditInformationViewOutput.swift; sourceTree = "<group>"; };
		C57F452300545C439222B443 /* HomeModuleInput.swift */ = {isa = PBXFileReference; includeInIndex = 1; lastKnownFileType = sourcecode.swift; path = HomeModuleInput.swift; sourceTree = "<group>"; };
		CEE355EABA470CF110C7EA29 /* ProfileViewInput.swift */ = {isa = PBXFileReference; includeInIndex = 1; lastKnownFileType = sourcecode.swift; path = ProfileViewInput.swift; sourceTree = "<group>"; };
		CFF67239ECED810C5334CD3E /* EditInformationViewInput.swift */ = {isa = PBXFileReference; includeInIndex = 1; lastKnownFileType = sourcecode.swift; path = EditInformationViewInput.swift; sourceTree = "<group>"; };
		D072AD93DCEAFD5C9BF4BA60 /* LoginConfigurator.swift */ = {isa = PBXFileReference; includeInIndex = 1; lastKnownFileType = sourcecode.swift; path = LoginConfigurator.swift; sourceTree = "<group>"; };
		D5E9654D168ABD17C9D1BAEE /* ProfilePresenter.swift */ = {isa = PBXFileReference; includeInIndex = 1; lastKnownFileType = sourcecode.swift; path = ProfilePresenter.swift; sourceTree = "<group>"; };
		DBEFB1E4E929268C0496E42F /* LoginPresenter.swift */ = {isa = PBXFileReference; includeInIndex = 1; lastKnownFileType = sourcecode.swift; path = LoginPresenter.swift; sourceTree = "<group>"; };
		E089C96F92DA4B9938680EDE /* PreviewRouter.swift */ = {isa = PBXFileReference; includeInIndex = 1; lastKnownFileType = sourcecode.swift; path = PreviewRouter.swift; sourceTree = "<group>"; };
		E3BA7F9882FD4810D75E1D28 /* PreviewInteractor.swift */ = {isa = PBXFileReference; includeInIndex = 1; lastKnownFileType = sourcecode.swift; path = PreviewInteractor.swift; sourceTree = "<group>"; };
		E42BE893CAC0953665FDE976 /* HomeRouterInput.swift */ = {isa = PBXFileReference; includeInIndex = 1; lastKnownFileType = sourcecode.swift; path = HomeRouterInput.swift; sourceTree = "<group>"; };
		ED3005244E99B30E6EDE9DC5 /* HomeConfigurator.swift */ = {isa = PBXFileReference; includeInIndex = 1; lastKnownFileType = sourcecode.swift; path = HomeConfigurator.swift; sourceTree = "<group>"; };
		EE2B3F436F6510CF6946D596 /* LoginModuleInput.swift */ = {isa = PBXFileReference; includeInIndex = 1; lastKnownFileType = sourcecode.swift; path = LoginModuleInput.swift; sourceTree = "<group>"; };
		EEC048A1E0E203965C17CA61 /* EditInformationInteractor.swift */ = {isa = PBXFileReference; includeInIndex = 1; lastKnownFileType = sourcecode.swift; path = EditInformationInteractor.swift; sourceTree = "<group>"; };
		FB047CD13D1144074596B737 /* PreviewConfigurator.swift */ = {isa = PBXFileReference; includeInIndex = 1; lastKnownFileType = sourcecode.swift; path = PreviewConfigurator.swift; sourceTree = "<group>"; };
		FEE45C5E72938F300448BFC4 /* PreviewModuleInput.swift */ = {isa = PBXFileReference; includeInIndex = 1; lastKnownFileType = sourcecode.swift; path = PreviewModuleInput.swift; sourceTree = "<group>"; };
/* End PBXFileReference section */

/* Begin PBXFrameworksBuildPhase section */
		5A3801A82695D93100883225 /* Frameworks */ = {
			isa = PBXFrameworksBuildPhase;
			buildActionMask = 2147483647;
			files = (
				C5EF1488C0836FE095CDD259 /* Pods_NeuroApp.framework in Frameworks */,
			);
			runOnlyForDeploymentPostprocessing = 0;
		};
/* End PBXFrameworksBuildPhase section */

/* Begin PBXGroup section */
		08B3F5240840D0BEB166C405 /* Frameworks */ = {
			isa = PBXGroup;
			children = (
				0EA0EA2B4FCF93DB77BBF460 /* Pods_NeuroApp.framework */,
			);
			name = Frameworks;
			sourceTree = "<group>";
		};
		170BADCF84321486C8BEB759 /* Profile */ = {
			isa = PBXGroup;
			children = (
				1E896AEF67265EEC2BAEBA97 /* View */,
				72B494A23750388EC765EA56 /* Presenter */,
				A0475037AE151E5B84BF48F4 /* Interactor */,
				3958E35821616C6E1F37F1F5 /* Router */,
				D4C0D033C0A9E640EDCE78BF /* Configurator */,
			);
			path = Profile;
			sourceTree = "<group>";
		};
		18ED38CAF5175A5B8BCDD401 /* Configurator */ = {
			isa = PBXGroup;
			children = (
				ED3005244E99B30E6EDE9DC5 /* HomeConfigurator.swift */,
				962886E9107AEA9C60246EAD /* HomeInitializer.swift */,
			);
			path = Configurator;
			sourceTree = "<group>";
		};
		1E896AEF67265EEC2BAEBA97 /* View */ = {
			isa = PBXGroup;
			children = (
				CEE355EABA470CF110C7EA29 /* ProfileViewInput.swift */,
				549A076939854C22E1C60212 /* ProfileViewOutput.swift */,
				BD3593C045FE6D5C5ABC78CE /* ProfileViewController.swift */,
			);
			path = View;
			sourceTree = "<group>";
		};
		24F2A61E3822EFBBE6B758A8 /* Router */ = {
			isa = PBXGroup;
			children = (
				7EF8B148594B4B0EB22EB8B3 /* LoginRouterInput.swift */,
				A7E9FBA19EF92A573CABB802 /* LoginRouter.swift */,
			);
			path = Router;
			sourceTree = "<group>";
		};
		3958E35821616C6E1F37F1F5 /* Router */ = {
			isa = PBXGroup;
			children = (
				25FFAB5641B63D2D0BE280F6 /* ProfileRouterInput.swift */,
				10AF999ACCFCEDDA5A94E6E7 /* ProfileRouter.swift */,
			);
			path = Router;
			sourceTree = "<group>";
		};
		3C99C62BED263D2317847798 /* Presenter */ = {
			isa = PBXGroup;
			children = (
				60C9959B355F415BFAC9490E /* EditInformationModuleInput.swift */,
				36B9B58C3A65CF663034C347 /* EditInformationPresenter.swift */,
			);
			path = Presenter;
			sourceTree = "<group>";
		};
		3D01DF44AB2CEB5BAD9EBAF8 /* Router */ = {
			isa = PBXGroup;
			children = (
				4A368DC00AF4377240AC8EB3 /* PreviewRouterInput.swift */,
				E089C96F92DA4B9938680EDE /* PreviewRouter.swift */,
			);
			name = Router;
			path = Router;
			sourceTree = "<group>";
		};
		4AB365192A4921CC9927B1C6 /* View */ = {
			isa = PBXGroup;
			children = (
				BCCF66AA17A4C9BDCC96E5C6 /* PreviewViewInput.swift */,
				A9C227DEAEEBC83A6C40F7BE /* PreviewViewOutput.swift */,
				68D7D9B821A5D56F65BEEC02 /* PreviewViewController.swift */,
			);
			name = View;
			path = View;
			sourceTree = "<group>";
		};
		563F547600A4AD2684816266 /* EditInformation */ = {
			isa = PBXGroup;
			children = (
				F24C6DE97B0195768F66D3CB /* View */,
				3C99C62BED263D2317847798 /* Presenter */,
				7D55D20DED44814299BFA6F2 /* Interactor */,
				A5DBFB403431FAF309503FD7 /* Router */,
				B5EB363C5877107E1232252C /* Configurator */,
			);
			path = EditInformation;
			sourceTree = "<group>";
		};
		5A166C0D269C30A500E590C7 /* Constants */ = {
			isa = PBXGroup;
			children = (
				5A166C09269C2EC500E590C7 /* UIColor.swift */,
				5A166C0B269C2F7400E590C7 /* String.swift */,
			);
			path = Constants;
			sourceTree = "<group>";
		};
		5A166C0E269C313700E590C7 /* Services */ = {
			isa = PBXGroup;
			children = (
				5AE8500526DB9BAC00A834D2 /* QuizService */,
				5A71B2ED269EB650001A6259 /* ProfileService */,
			);
			path = Services;
			sourceTree = "<group>";
		};
		5A1E8BB026983D3E001179F7 /* Storyboard */ = {
			isa = PBXGroup;
			children = (
				5A1E8BB126983D62001179F7 /* Login.storyboard */,
				5A3801B92695D93200883225 /* LaunchScreen.storyboard */,
				5A166C03269BF43200E590C7 /* Home.storyboard */,
				5A166C11269C366600E590C7 /* Tabbar.storyboard */,
				5A71B2F5269EFE46001A6259 /* Profile.storyboard */,
				5AE1A50226E61722009FCD4A /* Preview.storyboard */,
			);
			path = Storyboard;
			sourceTree = "<group>";
		};
		5A1E8BB326984097001179F7 /* BussinessLogic */ = {
			isa = PBXGroup;
			children = (
				5A166C0E269C313700E590C7 /* Services */,
				5A6F2C54269ABB10006B065D /* Extensions */,
				5A1E8BB4269840A5001179F7 /* Entity */,
			);
			path = BussinessLogic;
			sourceTree = "<group>";
		};
		5A1E8BB4269840A5001179F7 /* Entity */ = {
			isa = PBXGroup;
			children = (
				5AFFFCE826AEC00400E9F3F1 /* Error */,
				5A166C0D269C30A500E590C7 /* Constants */,
				5A1E8BB5269840B9001179F7 /* User.swift */,
				5A166C05269C046000E590C7 /* UserStatus.swift */,
				5A166C07269C054B00E590C7 /* QusetionnaireState.swift */,
				5A70C45426D3A3D50046675D /* WeakBox.swift */,
				5AE8500326DB98DA00A834D2 /* Quiz.swift */,
			);
			path = Entity;
			sourceTree = "<group>";
		};
		5A3801A22695D93100883225 = {
			isa = PBXGroup;
			children = (
				5A3801AD2695D93100883225 /* NeuroApp */,
				5A3801AC2695D93100883225 /* Products */,
				62453CF0FC5E7EADDAAEFDF9 /* Pods */,
				08B3F5240840D0BEB166C405 /* Frameworks */,
			);
			sourceTree = "<group>";
		};
		5A3801AC2695D93100883225 /* Products */ = {
			isa = PBXGroup;
			children = (
				5A3801AB2695D93100883225 /* NeuroApp.app */,
			);
			name = Products;
			sourceTree = "<group>";
		};
		5A3801AD2695D93100883225 /* NeuroApp */ = {
			isa = PBXGroup;
			children = (
				5A6F2C5B269B2397006B065D /* Core */,
				5A1E8BB326984097001179F7 /* BussinessLogic */,
				5A1E8BB026983D3E001179F7 /* Storyboard */,
				81436725E27502BEDDF99F19 /* Presentation */,
				5A3801B72695D93200883225 /* Assets.xcassets */,
				5A3801BC2695D93200883225 /* Info.plist */,
			);
			path = NeuroApp;
			sourceTree = "<group>";
		};
		5A6F2C4F269AAB20006B065D /* Views */ = {
			isa = PBXGroup;
			children = (
				5A6F2C50269AAB32006B065D /* ViewInput.swift */,
				5A6F2C52269AB779006B065D /* RoundButton.swift */,
			);
			path = Views;
			sourceTree = "<group>";
		};
		5A6F2C54269ABB10006B065D /* Extensions */ = {
			isa = PBXGroup;
			children = (
				5A6F2C55269ABB34006B065D /* UIButton+setBackgroundColor.swift */,
				5A6F2C59269ADD24006B065D /* UserDefaults+Key.swift */,
				5A6F2C5E269B58A9006B065D /* String+isValid.swift */,
			);
			path = Extensions;
			sourceTree = "<group>";
		};
		5A6F2C5B269B2397006B065D /* Core */ = {
			isa = PBXGroup;
			children = (
				5A3801B02695D93100883225 /* SceneDelegate.swift */,
				5A3801AE2695D93100883225 /* AppDelegate.swift */,
				5A166C13269C3E6D00E590C7 /* AppRouter.swift */,
			);
			path = Core;
			sourceTree = "<group>";
		};
		5A71B2ED269EB650001A6259 /* ProfileService */ = {
			isa = PBXGroup;
			children = (
				5A6F2C57269AD8BA006B065D /* ProfileService.swift */,
				5A166C0F269C319000E590C7 /* ProfileServiceProtocol.swift */,
				5A70C45226D3A2F80046675D /* ProfileObserver.swift */,
			);
			path = ProfileService;
			sourceTree = "<group>";
		};
		5AE8500526DB9BAC00A834D2 /* QuizService */ = {
			isa = PBXGroup;
			children = (
				5AE8500626DB9C1600A834D2 /* QuizService.swift */,
				5AE8500826DB9C2300A834D2 /* QuizServiceProtocol.swift */,
				5AE8500A26DB9C3400A834D2 /* QuizObserver.swift */,
			);
			path = QuizService;
			sourceTree = "<group>";
		};
		5AFFFCE826AEC00400E9F3F1 /* Error */ = {
			isa = PBXGroup;
			children = (
				5A1E8BB726984454001179F7 /* ValidationError.swift */,
				5AFFFCE926AEC03400E9F3F1 /* SystemError.swift */,
			);
			path = Error;
			sourceTree = "<group>";
		};
		62453CF0FC5E7EADDAAEFDF9 /* Pods */ = {
			isa = PBXGroup;
			children = (
				BEB5D7C3CD95221617F4863F /* Pods-NeuroApp.debug.xcconfig */,
				3CF92E3AF3D915B2C760514E /* Pods-NeuroApp.release.xcconfig */,
			);
			path = Pods;
			sourceTree = "<group>";
		};
		664AD6C48FE9B30C72082A1F /* View */ = {
			isa = PBXGroup;
			children = (
				8BE92981166A6B978CB561F9 /* LoginViewInput.swift */,
				36D87C7304176BA9AC667ECD /* LoginViewOutput.swift */,
				40202D76FE8F86631EECED60 /* LoginViewController.swift */,
			);
			path = View;
			sourceTree = "<group>";
		};
		6CDC4817E6494C15E6EE0F39 /* Configurator */ = {
			isa = PBXGroup;
			children = (
				FB047CD13D1144074596B737 /* PreviewConfigurator.swift */,
				7A447CB263B29E489CD7A1BA /* PreviewInitializer.swift */,
			);
			name = Configurator;
			path = Configurator;
			sourceTree = "<group>";
		};
		72B494A23750388EC765EA56 /* Presenter */ = {
			isa = PBXGroup;
			children = (
				1BBECF3885BB89903358CA2D /* ProfileModuleInput.swift */,
				D5E9654D168ABD17C9D1BAEE /* ProfilePresenter.swift */,
			);
			path = Presenter;
			sourceTree = "<group>";
		};
		7D55D20DED44814299BFA6F2 /* Interactor */ = {
			isa = PBXGroup;
			children = (
				A9315268719AF54B2F1656A1 /* EditInformationInteractorInput.swift */,
				86BD030DE819C7C9EA024A8B /* EditInformationInteractorOutput.swift */,
				EEC048A1E0E203965C17CA61 /* EditInformationInteractor.swift */,
			);
			path = Interactor;
			sourceTree = "<group>";
		};
		7E29BEC712AE6136D27C7AF9 /* Interactor */ = {
			isa = PBXGroup;
			children = (
				2E6BB7E90121513CD3389ADC /* PreviewInteractorInput.swift */,
				6ADE9583A9986F32860A2F0A /* PreviewInteractorOutput.swift */,
				E3BA7F9882FD4810D75E1D28 /* PreviewInteractor.swift */,
			);
			name = Interactor;
			path = Interactor;
			sourceTree = "<group>";
		};
		81436725E27502BEDDF99F19 /* Presentation */ = {
			isa = PBXGroup;
			children = (
				5A6F2C4F269AAB20006B065D /* Views */,
				DB23E1C2A8445B2E475B23CC /* Login */,
				8BAED2B17F10964A8D060F01 /* Home */,
				170BADCF84321486C8BEB759 /* Profile */,
				563F547600A4AD2684816266 /* EditInformation */,
				86B84A1DAF3E440B1B6C6F45 /* Preview */,
			);
			path = Presentation;
			sourceTree = "<group>";
		};
		86B84A1DAF3E440B1B6C6F45 /* Preview */ = {
			isa = PBXGroup;
			children = (
				4AB365192A4921CC9927B1C6 /* View */,
				929C8CB2C80BDF7F359F5B72 /* Presenter */,
				7E29BEC712AE6136D27C7AF9 /* Interactor */,
				3D01DF44AB2CEB5BAD9EBAF8 /* Router */,
				6CDC4817E6494C15E6EE0F39 /* Configurator */,
			);
			name = Preview;
			path = Preview;
			sourceTree = "<group>";
		};
		889ACCE0A408BC9F598FA8A3 /* Presenter */ = {
			isa = PBXGroup;
			children = (
				EE2B3F436F6510CF6946D596 /* LoginModuleInput.swift */,
				DBEFB1E4E929268C0496E42F /* LoginPresenter.swift */,
			);
			path = Presenter;
			sourceTree = "<group>";
		};
		8AE8CFEBE763825884950FED /* Configurator */ = {
			isa = PBXGroup;
			children = (
				D072AD93DCEAFD5C9BF4BA60 /* LoginConfigurator.swift */,
				07A32D1AB985482BA4609513 /* LoginInitializer.swift */,
			);
			path = Configurator;
			sourceTree = "<group>";
		};
		8BAED2B17F10964A8D060F01 /* Home */ = {
			isa = PBXGroup;
			children = (
				BBAEE3C3BA60F76C81A92F11 /* View */,
				8E878EE91109970CBDC1BF5C /* Presenter */,
				DADE4912585D084403C53FB8 /* Interactor */,
				9D2A295A8BF0846A1D220594 /* Router */,
				18ED38CAF5175A5B8BCDD401 /* Configurator */,
			);
			path = Home;
			sourceTree = "<group>";
		};
		8E878EE91109970CBDC1BF5C /* Presenter */ = {
			isa = PBXGroup;
			children = (
				C57F452300545C439222B443 /* HomeModuleInput.swift */,
				497C2ADF3575B2F4AF3C6F46 /* HomePresenter.swift */,
			);
			path = Presenter;
			sourceTree = "<group>";
		};
		929C8CB2C80BDF7F359F5B72 /* Presenter */ = {
			isa = PBXGroup;
			children = (
				FEE45C5E72938F300448BFC4 /* PreviewModuleInput.swift */,
				9F9081166A9ED30548FBA4D9 /* PreviewPresenter.swift */,
			);
			name = Presenter;
			path = Presenter;
			sourceTree = "<group>";
		};
		9D2A295A8BF0846A1D220594 /* Router */ = {
			isa = PBXGroup;
			children = (
				E42BE893CAC0953665FDE976 /* HomeRouterInput.swift */,
				0CFFD28B57959F5B32F0FD98 /* HomeRouter.swift */,
			);
			path = Router;
			sourceTree = "<group>";
		};
		A0475037AE151E5B84BF48F4 /* Interactor */ = {
			isa = PBXGroup;
			children = (
				4C642DB194C16080141E1F13 /* ProfileInteractorInput.swift */,
				19332506BB8A17E0B2F8A8FB /* ProfileInteractorOutput.swift */,
				5F872E576D287CE17D07E27D /* ProfileInteractor.swift */,
			);
			path = Interactor;
			sourceTree = "<group>";
		};
		A5DBFB403431FAF309503FD7 /* Router */ = {
			isa = PBXGroup;
			children = (
				4758DB157F183D1E96EA715E /* EditInformationRouterInput.swift */,
				A0D17835045787ABEB1D8ADA /* EditInformationRouter.swift */,
			);
			path = Router;
			sourceTree = "<group>";
		};
		B5EB363C5877107E1232252C /* Configurator */ = {
			isa = PBXGroup;
			children = (
				34B079B954C2CF4F346CAFB3 /* EditInformationConfigurator.swift */,
				5A635CDC65637FC2A99FBB87 /* EditInformationInitializer.swift */,
			);
			path = Configurator;
			sourceTree = "<group>";
		};
		BBAEE3C3BA60F76C81A92F11 /* View */ = {
			isa = PBXGroup;
			children = (
				796822C594D58E6E7A7FE43D /* HomeViewInput.swift */,
				B32659D09DDAB211BD5B95F5 /* HomeViewOutput.swift */,
				09ADBEAD0623485CAB867408 /* HomeViewController.swift */,
			);
			path = View;
			sourceTree = "<group>";
		};
		D4C0D033C0A9E640EDCE78BF /* Configurator */ = {
			isa = PBXGroup;
			children = (
				64FE496759662A02DDBF1FB9 /* ProfileConfigurator.swift */,
				A1CFF49D994BD2777EF36511 /* ProfileInitializer.swift */,
			);
			path = Configurator;
			sourceTree = "<group>";
		};
		DADE4912585D084403C53FB8 /* Interactor */ = {
			isa = PBXGroup;
			children = (
				28E089A54B68C75B990FB0BE /* HomeInteractorInput.swift */,
				3884B6BBFCFC05A5337FDC95 /* HomeInteractorOutput.swift */,
				1A2A9CC1E7A655A123351912 /* HomeInteractor.swift */,
			);
			path = Interactor;
			sourceTree = "<group>";
		};
		DB23E1C2A8445B2E475B23CC /* Login */ = {
			isa = PBXGroup;
			children = (
				664AD6C48FE9B30C72082A1F /* View */,
				889ACCE0A408BC9F598FA8A3 /* Presenter */,
				F0C3FC5F7B604007CC5AA48E /* Interactor */,
				24F2A61E3822EFBBE6B758A8 /* Router */,
				8AE8CFEBE763825884950FED /* Configurator */,
			);
			path = Login;
			sourceTree = "<group>";
		};
		F0C3FC5F7B604007CC5AA48E /* Interactor */ = {
			isa = PBXGroup;
			children = (
				B9C07331B69F3FDFE224B9B1 /* LoginInteractorInput.swift */,
				9AC1BAC5DE7A4F22DE8690A2 /* LoginInteractorOutput.swift */,
				7C032DA1AA468A79E6DB51B4 /* LoginInteractor.swift */,
			);
			path = Interactor;
			sourceTree = "<group>";
		};
		F24C6DE97B0195768F66D3CB /* View */ = {
			isa = PBXGroup;
			children = (
				CFF67239ECED810C5334CD3E /* EditInformationViewInput.swift */,
				C2A85F777BBBA6EC2FD06443 /* EditInformationViewOutput.swift */,
				601732125D831F12018DD966 /* EditInformationViewController.swift */,
			);
			path = View;
			sourceTree = "<group>";
		};
/* End PBXGroup section */

/* Begin PBXNativeTarget section */
		5A3801AA2695D93100883225 /* NeuroApp */ = {
			isa = PBXNativeTarget;
			buildConfigurationList = 5A3801BF2695D93200883225 /* Build configuration list for PBXNativeTarget "NeuroApp" */;
			buildPhases = (
				962F6591C28FA2C71DF05661 /* [CP] Check Pods Manifest.lock */,
				5A3801A72695D93100883225 /* Sources */,
				5A3801A82695D93100883225 /* Frameworks */,
				5A3801A92695D93100883225 /* Resources */,
				96120A2700F441C6C26A89A8 /* [CP] Embed Pods Frameworks */,
			);
			buildRules = (
			);
			dependencies = (
			);
			name = NeuroApp;
			productName = NeuroApp;
			productReference = 5A3801AB2695D93100883225 /* NeuroApp.app */;
			productType = "com.apple.product-type.application";
		};
/* End PBXNativeTarget section */

/* Begin PBXProject section */
		5A3801A32695D93100883225 /* Project object */ = {
			isa = PBXProject;
			attributes = {
				LastSwiftUpdateCheck = 1250;
				LastUpgradeCheck = 1250;
				TargetAttributes = {
					5A3801AA2695D93100883225 = {
						CreatedOnToolsVersion = 12.5.1;
					};
				};
			};
			buildConfigurationList = 5A3801A62695D93100883225 /* Build configuration list for PBXProject "NeuroApp" */;
			compatibilityVersion = "Xcode 9.3";
			developmentRegion = en;
			hasScannedForEncodings = 0;
			knownRegions = (
				en,
				Base,
			);
			mainGroup = 5A3801A22695D93100883225;
			productRefGroup = 5A3801AC2695D93100883225 /* Products */;
			projectDirPath = "";
			projectRoot = "";
			targets = (
				5A3801AA2695D93100883225 /* NeuroApp */,
			);
		};
/* End PBXProject section */

/* Begin PBXResourcesBuildPhase section */
		5A3801A92695D93100883225 /* Resources */ = {
			isa = PBXResourcesBuildPhase;
			buildActionMask = 2147483647;
			files = (
				5A71B2F6269EFE46001A6259 /* Profile.storyboard in Resources */,
				5A166C12269C366600E590C7 /* Tabbar.storyboard in Resources */,
				5A1E8BB226983D62001179F7 /* Login.storyboard in Resources */,
				5A3801BB2695D93200883225 /* LaunchScreen.storyboard in Resources */,
				5A3801B82695D93200883225 /* Assets.xcassets in Resources */,
				5AE1A50326E61722009FCD4A /* Preview.storyboard in Resources */,
				5A166C04269BF43200E590C7 /* Home.storyboard in Resources */,
			);
			runOnlyForDeploymentPostprocessing = 0;
		};
/* End PBXResourcesBuildPhase section */

/* Begin PBXShellScriptBuildPhase section */
		96120A2700F441C6C26A89A8 /* [CP] Embed Pods Frameworks */ = {
			isa = PBXShellScriptBuildPhase;
			buildActionMask = 2147483647;
			files = (
			);
			inputFileListPaths = (
				"${PODS_ROOT}/Target Support Files/Pods-NeuroApp/Pods-NeuroApp-frameworks-${CONFIGURATION}-input-files.xcfilelist",
			);
			name = "[CP] Embed Pods Frameworks";
			outputFileListPaths = (
				"${PODS_ROOT}/Target Support Files/Pods-NeuroApp/Pods-NeuroApp-frameworks-${CONFIGURATION}-output-files.xcfilelist",
			);
			runOnlyForDeploymentPostprocessing = 0;
			shellPath = /bin/sh;
			shellScript = "\"${PODS_ROOT}/Target Support Files/Pods-NeuroApp/Pods-NeuroApp-frameworks.sh\"\n";
			showEnvVarsInLog = 0;
		};
		962F6591C28FA2C71DF05661 /* [CP] Check Pods Manifest.lock */ = {
			isa = PBXShellScriptBuildPhase;
			buildActionMask = 2147483647;
			files = (
			);
			inputFileListPaths = (
			);
			inputPaths = (
				"${PODS_PODFILE_DIR_PATH}/Podfile.lock",
				"${PODS_ROOT}/Manifest.lock",
			);
			name = "[CP] Check Pods Manifest.lock";
			outputFileListPaths = (
			);
			outputPaths = (
				"$(DERIVED_FILE_DIR)/Pods-NeuroApp-checkManifestLockResult.txt",
			);
			runOnlyForDeploymentPostprocessing = 0;
			shellPath = /bin/sh;
			shellScript = "diff \"${PODS_PODFILE_DIR_PATH}/Podfile.lock\" \"${PODS_ROOT}/Manifest.lock\" > /dev/null\nif [ $? != 0 ] ; then\n    # print error to STDERR\n    echo \"error: The sandbox is not in sync with the Podfile.lock. Run 'pod install' or update your CocoaPods installation.\" >&2\n    exit 1\nfi\n# This output is used by Xcode 'outputs' to avoid re-running this script phase.\necho \"SUCCESS\" > \"${SCRIPT_OUTPUT_FILE_0}\"\n";
			showEnvVarsInLog = 0;
		};
/* End PBXShellScriptBuildPhase section */

/* Begin PBXSourcesBuildPhase section */
		5A3801A72695D93100883225 /* Sources */ = {
			isa = PBXSourcesBuildPhase;
			buildActionMask = 2147483647;
			files = (
				5A6F2C56269ABB34006B065D /* UIButton+setBackgroundColor.swift in Sources */,
				5A1E8BB6269840B9001179F7 /* User.swift in Sources */,
				5AE8500426DB98DA00A834D2 /* Quiz.swift in Sources */,
				5A3801AF2695D93100883225 /* AppDelegate.swift in Sources */,
				5A6F2C51269AAB32006B065D /* ViewInput.swift in Sources */,
				5A6F2C53269AB779006B065D /* RoundButton.swift in Sources */,
				5A166C10269C319000E590C7 /* ProfileServiceProtocol.swift in Sources */,
				5A3801B12695D93100883225 /* SceneDelegate.swift in Sources */,
				F1326626EA12D7448B95F0C6 /* LoginViewInput.swift in Sources */,
				5A6F2C5A269ADD24006B065D /* UserDefaults+Key.swift in Sources */,
				5A70C45326D3A2F80046675D /* ProfileObserver.swift in Sources */,
				5A1E8BB826984454001179F7 /* ValidationError.swift in Sources */,
				9E92996860D761801CB29D86 /* LoginViewOutput.swift in Sources */,
				5A6F2C5F269B58A9006B065D /* String+isValid.swift in Sources */,
				9B9B2EE8B558B52CB9602C40 /* LoginViewController.swift in Sources */,
				7FA0EB6918729B2EA44FE5C6 /* LoginModuleInput.swift in Sources */,
				5A166C0C269C2F7400E590C7 /* String.swift in Sources */,
				DC40A00B20A3786F8C53AE08 /* LoginPresenter.swift in Sources */,
				5A166C14269C3E6D00E590C7 /* AppRouter.swift in Sources */,
				A6B9C09DA15838EF4C1C6A7D /* LoginInteractorInput.swift in Sources */,
				5FEA458D538B1C0D63E53B2D /* LoginInteractorOutput.swift in Sources */,
				5A6F2C58269AD8BA006B065D /* ProfileService.swift in Sources */,
				FBAA2CFEA779E79C9486E8C2 /* LoginInteractor.swift in Sources */,
				B0388DAFB78645FC4999865C /* LoginRouterInput.swift in Sources */,
				1412C774CE55C6E0C031C6FB /* LoginRouter.swift in Sources */,
				61BF5B7CEAE781CE40CDC899 /* LoginConfigurator.swift in Sources */,
				5A166C06269C046000E590C7 /* UserStatus.swift in Sources */,
				5A166C08269C054B00E590C7 /* QusetionnaireState.swift in Sources */,
				35E0800B4950274D0E7D4706 /* LoginInitializer.swift in Sources */,
				7AA7E08EA584ECAFD5692688 /* HomeViewInput.swift in Sources */,
				5AE8500B26DB9C3400A834D2 /* QuizObserver.swift in Sources */,
				FD05C95E98B90F25AEE63C18 /* HomeViewOutput.swift in Sources */,
				5A166C0A269C2EC500E590C7 /* UIColor.swift in Sources */,
				7CB0BE1BF83FB1F714E5437F /* HomeViewController.swift in Sources */,
				5AE8500726DB9C1600A834D2 /* QuizService.swift in Sources */,
				5AFFFCEA26AEC03400E9F3F1 /* SystemError.swift in Sources */,
				2E12C249EE024C6F04C4550E /* HomeModuleInput.swift in Sources */,
				8442C56DA9E51614B65C96E2 /* HomePresenter.swift in Sources */,
				1D6C762DF0CE88CB3A6B94DE /* HomeInteractorInput.swift in Sources */,
				8B66E60129903C989F98FEC4 /* HomeInteractorOutput.swift in Sources */,
				7527CAD75382A2FA6E456768 /* HomeInteractor.swift in Sources */,
				62C499E38C23A315356603BA /* HomeRouterInput.swift in Sources */,
				56615C62A114E681AE72A01B /* HomeRouter.swift in Sources */,
				CB4A5B3489D0395473C8AB96 /* HomeConfigurator.swift in Sources */,
				86B2746274732B392ACAA9AF /* HomeInitializer.swift in Sources */,
				97B595820F9DB1D896A92F71 /* ProfileViewInput.swift in Sources */,
				5B176EBE641D291752067AA8 /* ProfileViewOutput.swift in Sources */,
				95DF157672D2724F1B2842E5 /* ProfileViewController.swift in Sources */,
				4CC5A9741515EC05FC66C938 /* ProfileModuleInput.swift in Sources */,
				CDBB2D374B7E0CD950A6A2B5 /* ProfilePresenter.swift in Sources */,
				8EC133E5A2945E72D636FA32 /* ProfileInteractorInput.swift in Sources */,
				0DEDCC47A4971DDDB32CD298 /* ProfileInteractorOutput.swift in Sources */,
				2D934A296C744ED7E285E9C0 /* ProfileInteractor.swift in Sources */,
				F9509ED53CBB70AE2ACCEABE /* ProfileRouterInput.swift in Sources */,
				BEA3CCD1030E3AFEFD03EF36 /* ProfileRouter.swift in Sources */,
				5A70C45526D3A3D50046675D /* WeakBox.swift in Sources */,
				568CF19A7F36CF7859D1E3A3 /* ProfileConfigurator.swift in Sources */,
				3863AFB06EF7BA2D2C85BF44 /* ProfileInitializer.swift in Sources */,
				E82616554F277E1DF872E609 /* EditInformationViewInput.swift in Sources */,
				5AE8500926DB9C2300A834D2 /* QuizServiceProtocol.swift in Sources */,
				234F0F3C5BAADEB25BBE8584 /* EditInformationViewOutput.swift in Sources */,
				1340A306828C795A080C0FC7 /* EditInformationViewController.swift in Sources */,
				D8E75D43246BF0C78E6A0B1A /* EditInformationModuleInput.swift in Sources */,
				7DED072E5EC31A88F94113F7 /* EditInformationPresenter.swift in Sources */,
				72139DC4AAE04F466499440C /* EditInformationInteractorInput.swift in Sources */,
				021EC1C05091ABF26808473A /* EditInformationInteractorOutput.swift in Sources */,
				76931ADB234837C57BFBD1E7 /* EditInformationInteractor.swift in Sources */,
				C10F448C496F867013E649C5 /* EditInformationRouterInput.swift in Sources */,
				DD071CB98B5F5861BD9F8A8B /* EditInformationRouter.swift in Sources */,
				76065D4EE9D4EA031CC33D6A /* EditInformationConfigurator.swift in Sources */,
				287BE47BB9D393609581989C /* EditInformationInitializer.swift in Sources */,
				B18766311B85F9B66D4EEEDA /* PreviewViewInput.swift in Sources */,
				7753ECFF73C009128CA71D7C /* PreviewViewOutput.swift in Sources */,
				7086D6C5570BFF519D70DAAE /* PreviewViewController.swift in Sources */,
				AADD96C7CB408FF413D9633E /* PreviewModuleInput.swift in Sources */,
				56AD86C9CCE66F26F4BFE943 /* PreviewPresenter.swift in Sources */,
				3E3A12D9E05DCA0DA55F64FD /* PreviewInteractorInput.swift in Sources */,
				470FAFC7358056792B9DC804 /* PreviewInteractorOutput.swift in Sources */,
				55574D10A6A8CAB8E61D9994 /* PreviewInteractor.swift in Sources */,
				F629D17B211AB1689F3AB06D /* PreviewRouterInput.swift in Sources */,
				049C6D8CD7516DB043275F18 /* PreviewRouter.swift in Sources */,
				EB55F9B8D34CC3D1DB9CD509 /* PreviewConfigurator.swift in Sources */,
				532FF4F723511381864AEC20 /* PreviewInitializer.swift in Sources */,
			);
			runOnlyForDeploymentPostprocessing = 0;
		};
/* End PBXSourcesBuildPhase section */

/* Begin PBXVariantGroup section */
		5A3801B92695D93200883225 /* LaunchScreen.storyboard */ = {
			isa = PBXVariantGroup;
			children = (
				5A3801BA2695D93200883225 /* Base */,
			);
			name = LaunchScreen.storyboard;
			sourceTree = "<group>";
		};
/* End PBXVariantGroup section */

/* Begin XCBuildConfiguration section */
		5A3801BD2695D93200883225 /* Debug */ = {
			isa = XCBuildConfiguration;
			buildSettings = {
				ALWAYS_SEARCH_USER_PATHS = NO;
				CLANG_ANALYZER_NONNULL = YES;
				CLANG_ANALYZER_NUMBER_OBJECT_CONVERSION = YES_AGGRESSIVE;
				CLANG_CXX_LANGUAGE_STANDARD = "gnu++14";
				CLANG_CXX_LIBRARY = "libc++";
				CLANG_ENABLE_MODULES = YES;
				CLANG_ENABLE_OBJC_ARC = YES;
				CLANG_ENABLE_OBJC_WEAK = YES;
				CLANG_WARN_BLOCK_CAPTURE_AUTORELEASING = YES;
				CLANG_WARN_BOOL_CONVERSION = YES;
				CLANG_WARN_COMMA = YES;
				CLANG_WARN_CONSTANT_CONVERSION = YES;
				CLANG_WARN_DEPRECATED_OBJC_IMPLEMENTATIONS = YES;
				CLANG_WARN_DIRECT_OBJC_ISA_USAGE = YES_ERROR;
				CLANG_WARN_DOCUMENTATION_COMMENTS = YES;
				CLANG_WARN_EMPTY_BODY = YES;
				CLANG_WARN_ENUM_CONVERSION = YES;
				CLANG_WARN_INFINITE_RECURSION = YES;
				CLANG_WARN_INT_CONVERSION = YES;
				CLANG_WARN_NON_LITERAL_NULL_CONVERSION = YES;
				CLANG_WARN_OBJC_IMPLICIT_RETAIN_SELF = YES;
				CLANG_WARN_OBJC_LITERAL_CONVERSION = YES;
				CLANG_WARN_OBJC_ROOT_CLASS = YES_ERROR;
				CLANG_WARN_QUOTED_INCLUDE_IN_FRAMEWORK_HEADER = YES;
				CLANG_WARN_RANGE_LOOP_ANALYSIS = YES;
				CLANG_WARN_STRICT_PROTOTYPES = YES;
				CLANG_WARN_SUSPICIOUS_MOVE = YES;
				CLANG_WARN_UNGUARDED_AVAILABILITY = YES_AGGRESSIVE;
				CLANG_WARN_UNREACHABLE_CODE = YES;
				CLANG_WARN__DUPLICATE_METHOD_MATCH = YES;
				COPY_PHASE_STRIP = NO;
				DEBUG_INFORMATION_FORMAT = dwarf;
				ENABLE_STRICT_OBJC_MSGSEND = YES;
				ENABLE_TESTABILITY = YES;
				GCC_C_LANGUAGE_STANDARD = gnu11;
				GCC_DYNAMIC_NO_PIC = NO;
				GCC_NO_COMMON_BLOCKS = YES;
				GCC_OPTIMIZATION_LEVEL = 0;
				GCC_PREPROCESSOR_DEFINITIONS = (
					"DEBUG=1",
					"$(inherited)",
				);
				GCC_WARN_64_TO_32_BIT_CONVERSION = YES;
				GCC_WARN_ABOUT_RETURN_TYPE = YES_ERROR;
				GCC_WARN_UNDECLARED_SELECTOR = YES;
				GCC_WARN_UNINITIALIZED_AUTOS = YES_AGGRESSIVE;
				GCC_WARN_UNUSED_FUNCTION = YES;
				GCC_WARN_UNUSED_VARIABLE = YES;
				IPHONEOS_DEPLOYMENT_TARGET = 14.5;
				MTL_ENABLE_DEBUG_INFO = INCLUDE_SOURCE;
				MTL_FAST_MATH = YES;
				ONLY_ACTIVE_ARCH = YES;
				SDKROOT = iphoneos;
				SWIFT_ACTIVE_COMPILATION_CONDITIONS = DEBUG;
				SWIFT_OPTIMIZATION_LEVEL = "-Onone";
			};
			name = Debug;
		};
		5A3801BE2695D93200883225 /* Release */ = {
			isa = XCBuildConfiguration;
			buildSettings = {
				ALWAYS_SEARCH_USER_PATHS = NO;
				CLANG_ANALYZER_NONNULL = YES;
				CLANG_ANALYZER_NUMBER_OBJECT_CONVERSION = YES_AGGRESSIVE;
				CLANG_CXX_LANGUAGE_STANDARD = "gnu++14";
				CLANG_CXX_LIBRARY = "libc++";
				CLANG_ENABLE_MODULES = YES;
				CLANG_ENABLE_OBJC_ARC = YES;
				CLANG_ENABLE_OBJC_WEAK = YES;
				CLANG_WARN_BLOCK_CAPTURE_AUTORELEASING = YES;
				CLANG_WARN_BOOL_CONVERSION = YES;
				CLANG_WARN_COMMA = YES;
				CLANG_WARN_CONSTANT_CONVERSION = YES;
				CLANG_WARN_DEPRECATED_OBJC_IMPLEMENTATIONS = YES;
				CLANG_WARN_DIRECT_OBJC_ISA_USAGE = YES_ERROR;
				CLANG_WARN_DOCUMENTATION_COMMENTS = YES;
				CLANG_WARN_EMPTY_BODY = YES;
				CLANG_WARN_ENUM_CONVERSION = YES;
				CLANG_WARN_INFINITE_RECURSION = YES;
				CLANG_WARN_INT_CONVERSION = YES;
				CLANG_WARN_NON_LITERAL_NULL_CONVERSION = YES;
				CLANG_WARN_OBJC_IMPLICIT_RETAIN_SELF = YES;
				CLANG_WARN_OBJC_LITERAL_CONVERSION = YES;
				CLANG_WARN_OBJC_ROOT_CLASS = YES_ERROR;
				CLANG_WARN_QUOTED_INCLUDE_IN_FRAMEWORK_HEADER = YES;
				CLANG_WARN_RANGE_LOOP_ANALYSIS = YES;
				CLANG_WARN_STRICT_PROTOTYPES = YES;
				CLANG_WARN_SUSPICIOUS_MOVE = YES;
				CLANG_WARN_UNGUARDED_AVAILABILITY = YES_AGGRESSIVE;
				CLANG_WARN_UNREACHABLE_CODE = YES;
				CLANG_WARN__DUPLICATE_METHOD_MATCH = YES;
				COPY_PHASE_STRIP = NO;
				DEBUG_INFORMATION_FORMAT = "dwarf-with-dsym";
				ENABLE_NS_ASSERTIONS = NO;
				ENABLE_STRICT_OBJC_MSGSEND = YES;
				GCC_C_LANGUAGE_STANDARD = gnu11;
				GCC_NO_COMMON_BLOCKS = YES;
				GCC_WARN_64_TO_32_BIT_CONVERSION = YES;
				GCC_WARN_ABOUT_RETURN_TYPE = YES_ERROR;
				GCC_WARN_UNDECLARED_SELECTOR = YES;
				GCC_WARN_UNINITIALIZED_AUTOS = YES_AGGRESSIVE;
				GCC_WARN_UNUSED_FUNCTION = YES;
				GCC_WARN_UNUSED_VARIABLE = YES;
				IPHONEOS_DEPLOYMENT_TARGET = 14.5;
				MTL_ENABLE_DEBUG_INFO = NO;
				MTL_FAST_MATH = YES;
				SDKROOT = iphoneos;
				SWIFT_COMPILATION_MODE = wholemodule;
				SWIFT_OPTIMIZATION_LEVEL = "-O";
				VALIDATE_PRODUCT = YES;
			};
			name = Release;
		};
		5A3801C02695D93200883225 /* Debug */ = {
			isa = XCBuildConfiguration;
			baseConfigurationReference = BEB5D7C3CD95221617F4863F /* Pods-NeuroApp.debug.xcconfig */;
			buildSettings = {
				ASSETCATALOG_COMPILER_APPICON_NAME = AppIcon;
				ASSETCATALOG_COMPILER_GLOBAL_ACCENT_COLOR_NAME = AccentColor;
				CODE_SIGN_STYLE = Automatic;
				DEVELOPMENT_TEAM = B2FWVJ8N6B;
				INFOPLIST_FILE = NeuroApp/Info.plist;
				LD_RUNPATH_SEARCH_PATHS = (
					"$(inherited)",
					"@executable_path/Frameworks",
				);
				PRODUCT_BUNDLE_IDENTIFIER = "Nikita-Gras.NeuroApp";
				PRODUCT_NAME = "$(TARGET_NAME)";
				SWIFT_VERSION = 5.0;
				TARGETED_DEVICE_FAMILY = 1;
			};
			name = Debug;
		};
		5A3801C12695D93200883225 /* Release */ = {
			isa = XCBuildConfiguration;
			baseConfigurationReference = 3CF92E3AF3D915B2C760514E /* Pods-NeuroApp.release.xcconfig */;
			buildSettings = {
				ASSETCATALOG_COMPILER_APPICON_NAME = AppIcon;
				ASSETCATALOG_COMPILER_GLOBAL_ACCENT_COLOR_NAME = AccentColor;
				CODE_SIGN_STYLE = Automatic;
				DEVELOPMENT_TEAM = B2FWVJ8N6B;
				INFOPLIST_FILE = NeuroApp/Info.plist;
				LD_RUNPATH_SEARCH_PATHS = (
					"$(inherited)",
					"@executable_path/Frameworks",
				);
				PRODUCT_BUNDLE_IDENTIFIER = "Nikita-Gras.NeuroApp";
				PRODUCT_NAME = "$(TARGET_NAME)";
				SWIFT_VERSION = 5.0;
				TARGETED_DEVICE_FAMILY = 1;
			};
			name = Release;
		};
/* End XCBuildConfiguration section */

/* Begin XCConfigurationList section */
		5A3801A62695D93100883225 /* Build configuration list for PBXProject "NeuroApp" */ = {
			isa = XCConfigurationList;
			buildConfigurations = (
				5A3801BD2695D93200883225 /* Debug */,
				5A3801BE2695D93200883225 /* Release */,
			);
			defaultConfigurationIsVisible = 0;
			defaultConfigurationName = Release;
		};
		5A3801BF2695D93200883225 /* Build configuration list for PBXNativeTarget "NeuroApp" */ = {
			isa = XCConfigurationList;
			buildConfigurations = (
				5A3801C02695D93200883225 /* Debug */,
				5A3801C12695D93200883225 /* Release */,
			);
			defaultConfigurationIsVisible = 0;
			defaultConfigurationName = Release;
		};
/* End XCConfigurationList section */
	};
	rootObject = 5A3801A32695D93100883225 /* Project object */;
}
