// !$*UTF8*$!
{
	archiveVersion = 1;
	classes = {
	};
	objectVersion = 50;
	objects = {

/* Begin PBXBuildFile section */
		1412C774CE55C6E0C031C6FB /* LoginRouter.swift in Sources */ = {isa = PBXBuildFile; fileRef = A7E9FBA19EF92A573CABB802 /* LoginRouter.swift */; };
		35E0800B4950274D0E7D4706 /* LoginInitializer.swift in Sources */ = {isa = PBXBuildFile; fileRef = 07A32D1AB985482BA4609513 /* LoginInitializer.swift */; };
		5A3801AF2695D93100883225 /* AppDelegate.swift in Sources */ = {isa = PBXBuildFile; fileRef = 5A3801AE2695D93100883225 /* AppDelegate.swift */; };
		5A3801B12695D93100883225 /* SceneDelegate.swift in Sources */ = {isa = PBXBuildFile; fileRef = 5A3801B02695D93100883225 /* SceneDelegate.swift */; };
		5A3801B32695D93100883225 /* ViewController.swift in Sources */ = {isa = PBXBuildFile; fileRef = 5A3801B22695D93100883225 /* ViewController.swift */; };
		5A3801B62695D93100883225 /* Main.storyboard in Resources */ = {isa = PBXBuildFile; fileRef = 5A3801B42695D93100883225 /* Main.storyboard */; };
		5A3801B82695D93200883225 /* Assets.xcassets in Resources */ = {isa = PBXBuildFile; fileRef = 5A3801B72695D93200883225 /* Assets.xcassets */; };
		5A3801BB2695D93200883225 /* LaunchScreen.storyboard in Resources */ = {isa = PBXBuildFile; fileRef = 5A3801B92695D93200883225 /* LaunchScreen.storyboard */; };
		5FEA458D538B1C0D63E53B2D /* LoginInteractorOutput.swift in Sources */ = {isa = PBXBuildFile; fileRef = 9AC1BAC5DE7A4F22DE8690A2 /* LoginInteractorOutput.swift */; };
		61BF5B7CEAE781CE40CDC899 /* LoginConfigurator.swift in Sources */ = {isa = PBXBuildFile; fileRef = D072AD93DCEAFD5C9BF4BA60 /* LoginConfigurator.swift */; };
		7FA0EB6918729B2EA44FE5C6 /* LoginModuleInput.swift in Sources */ = {isa = PBXBuildFile; fileRef = EE2B3F436F6510CF6946D596 /* LoginModuleInput.swift */; };
		9B9B2EE8B558B52CB9602C40 /* LoginViewController.swift in Sources */ = {isa = PBXBuildFile; fileRef = 40202D76FE8F86631EECED60 /* LoginViewController.swift */; };
		9E92996860D761801CB29D86 /* LoginViewOutput.swift in Sources */ = {isa = PBXBuildFile; fileRef = 36D87C7304176BA9AC667ECD /* LoginViewOutput.swift */; };
		A6B9C09DA15838EF4C1C6A7D /* LoginInteractorInput.swift in Sources */ = {isa = PBXBuildFile; fileRef = B9C07331B69F3FDFE224B9B1 /* LoginInteractorInput.swift */; };
		B0388DAFB78645FC4999865C /* LoginRouterInput.swift in Sources */ = {isa = PBXBuildFile; fileRef = 7EF8B148594B4B0EB22EB8B3 /* LoginRouterInput.swift */; };
		C5EF1488C0836FE095CDD259 /* Pods_NeuroApp.framework in Frameworks */ = {isa = PBXBuildFile; fileRef = 0EA0EA2B4FCF93DB77BBF460 /* Pods_NeuroApp.framework */; };
		DC40A00B20A3786F8C53AE08 /* LoginPresenter.swift in Sources */ = {isa = PBXBuildFile; fileRef = DBEFB1E4E929268C0496E42F /* LoginPresenter.swift */; };
		F1326626EA12D7448B95F0C6 /* LoginViewInput.swift in Sources */ = {isa = PBXBuildFile; fileRef = 8BE92981166A6B978CB561F9 /* LoginViewInput.swift */; };
		FBAA2CFEA779E79C9486E8C2 /* LoginInteractor.swift in Sources */ = {isa = PBXBuildFile; fileRef = 7C032DA1AA468A79E6DB51B4 /* LoginInteractor.swift */; };
/* End PBXBuildFile section */

/* Begin PBXFileReference section */
		07A32D1AB985482BA4609513 /* LoginInitializer.swift */ = {isa = PBXFileReference; includeInIndex = 1; lastKnownFileType = sourcecode.swift; path = LoginInitializer.swift; sourceTree = "<group>"; };
		0EA0EA2B4FCF93DB77BBF460 /* Pods_NeuroApp.framework */ = {isa = PBXFileReference; explicitFileType = wrapper.framework; includeInIndex = 0; path = Pods_NeuroApp.framework; sourceTree = BUILT_PRODUCTS_DIR; };
		36D87C7304176BA9AC667ECD /* LoginViewOutput.swift */ = {isa = PBXFileReference; includeInIndex = 1; lastKnownFileType = sourcecode.swift; path = LoginViewOutput.swift; sourceTree = "<group>"; };
		3CF92E3AF3D915B2C760514E /* Pods-NeuroApp.release.xcconfig */ = {isa = PBXFileReference; includeInIndex = 1; lastKnownFileType = text.xcconfig; name = "Pods-NeuroApp.release.xcconfig"; path = "Target Support Files/Pods-NeuroApp/Pods-NeuroApp.release.xcconfig"; sourceTree = "<group>"; };
		40202D76FE8F86631EECED60 /* LoginViewController.swift */ = {isa = PBXFileReference; includeInIndex = 1; lastKnownFileType = sourcecode.swift; path = LoginViewController.swift; sourceTree = "<group>"; };
		5A3801AB2695D93100883225 /* NeuroApp.app */ = {isa = PBXFileReference; explicitFileType = wrapper.application; includeInIndex = 0; path = NeuroApp.app; sourceTree = BUILT_PRODUCTS_DIR; };
		5A3801AE2695D93100883225 /* AppDelegate.swift */ = {isa = PBXFileReference; lastKnownFileType = sourcecode.swift; path = AppDelegate.swift; sourceTree = "<group>"; };
		5A3801B02695D93100883225 /* SceneDelegate.swift */ = {isa = PBXFileReference; lastKnownFileType = sourcecode.swift; path = SceneDelegate.swift; sourceTree = "<group>"; };
		5A3801B22695D93100883225 /* ViewController.swift */ = {isa = PBXFileReference; lastKnownFileType = sourcecode.swift; path = ViewController.swift; sourceTree = "<group>"; };
		5A3801B52695D93100883225 /* Base */ = {isa = PBXFileReference; lastKnownFileType = file.storyboard; name = Base; path = Base.lproj/Main.storyboard; sourceTree = "<group>"; };
		5A3801B72695D93200883225 /* Assets.xcassets */ = {isa = PBXFileReference; lastKnownFileType = folder.assetcatalog; path = Assets.xcassets; sourceTree = "<group>"; };
		5A3801BA2695D93200883225 /* Base */ = {isa = PBXFileReference; lastKnownFileType = file.storyboard; name = Base; path = Base.lproj/LaunchScreen.storyboard; sourceTree = "<group>"; };
		5A3801BC2695D93200883225 /* Info.plist */ = {isa = PBXFileReference; lastKnownFileType = text.plist.xml; path = Info.plist; sourceTree = "<group>"; };
		7C032DA1AA468A79E6DB51B4 /* LoginInteractor.swift */ = {isa = PBXFileReference; includeInIndex = 1; lastKnownFileType = sourcecode.swift; path = LoginInteractor.swift; sourceTree = "<group>"; };
		7EF8B148594B4B0EB22EB8B3 /* LoginRouterInput.swift */ = {isa = PBXFileReference; includeInIndex = 1; lastKnownFileType = sourcecode.swift; path = LoginRouterInput.swift; sourceTree = "<group>"; };
		8BE92981166A6B978CB561F9 /* LoginViewInput.swift */ = {isa = PBXFileReference; includeInIndex = 1; lastKnownFileType = sourcecode.swift; path = LoginViewInput.swift; sourceTree = "<group>"; };
		9AC1BAC5DE7A4F22DE8690A2 /* LoginInteractorOutput.swift */ = {isa = PBXFileReference; includeInIndex = 1; lastKnownFileType = sourcecode.swift; path = LoginInteractorOutput.swift; sourceTree = "<group>"; };
		A7E9FBA19EF92A573CABB802 /* LoginRouter.swift */ = {isa = PBXFileReference; includeInIndex = 1; lastKnownFileType = sourcecode.swift; path = LoginRouter.swift; sourceTree = "<group>"; };
		B9C07331B69F3FDFE224B9B1 /* LoginInteractorInput.swift */ = {isa = PBXFileReference; includeInIndex = 1; lastKnownFileType = sourcecode.swift; path = LoginInteractorInput.swift; sourceTree = "<group>"; };
		BEB5D7C3CD95221617F4863F /* Pods-NeuroApp.debug.xcconfig */ = {isa = PBXFileReference; includeInIndex = 1; lastKnownFileType = text.xcconfig; name = "Pods-NeuroApp.debug.xcconfig"; path = "Target Support Files/Pods-NeuroApp/Pods-NeuroApp.debug.xcconfig"; sourceTree = "<group>"; };
		D072AD93DCEAFD5C9BF4BA60 /* LoginConfigurator.swift */ = {isa = PBXFileReference; includeInIndex = 1; lastKnownFileType = sourcecode.swift; path = LoginConfigurator.swift; sourceTree = "<group>"; };
		DBEFB1E4E929268C0496E42F /* LoginPresenter.swift */ = {isa = PBXFileReference; includeInIndex = 1; lastKnownFileType = sourcecode.swift; path = LoginPresenter.swift; sourceTree = "<group>"; };
		EE2B3F436F6510CF6946D596 /* LoginModuleInput.swift */ = {isa = PBXFileReference; includeInIndex = 1; lastKnownFileType = sourcecode.swift; path = LoginModuleInput.swift; sourceTree = "<group>"; };
/* End PBXFileReference section */

/* Begin PBXFrameworksBuildPhase section */
		5A3801A82695D93100883225 /* Frameworks */ = {
			isa = PBXFrameworksBuildPhase;
			buildActionMask = 2147483647;
			files = (
				C5EF1488C0836FE095CDD259 /* Pods_NeuroApp.framework in Frameworks */,
			);
			runOnlyForDeploymentPostprocessing = 0;
		};
/* End PBXFrameworksBuildPhase section */

/* Begin PBXGroup section */
		08B3F5240840D0BEB166C405 /* Frameworks */ = {
			isa = PBXGroup;
			children = (
				0EA0EA2B4FCF93DB77BBF460 /* Pods_NeuroApp.framework */,
			);
			name = Frameworks;
			sourceTree = "<group>";
		};
		24F2A61E3822EFBBE6B758A8 /* Router */ = {
			isa = PBXGroup;
			children = (
				7EF8B148594B4B0EB22EB8B3 /* LoginRouterInput.swift */,
				A7E9FBA19EF92A573CABB802 /* LoginRouter.swift */,
			);
			path = Router;
			sourceTree = "<group>";
		};
		5A3801A22695D93100883225 = {
			isa = PBXGroup;
			children = (
				5A3801AD2695D93100883225 /* NeuroApp */,
				5A3801AC2695D93100883225 /* Products */,
				62453CF0FC5E7EADDAAEFDF9 /* Pods */,
				08B3F5240840D0BEB166C405 /* Frameworks */,
			);
			sourceTree = "<group>";
		};
		5A3801AC2695D93100883225 /* Products */ = {
			isa = PBXGroup;
			children = (
				5A3801AB2695D93100883225 /* NeuroApp.app */,
			);
			name = Products;
			sourceTree = "<group>";
		};
		5A3801AD2695D93100883225 /* NeuroApp */ = {
			isa = PBXGroup;
			children = (
				81436725E27502BEDDF99F19 /* Presentation */,
				5A3801AE2695D93100883225 /* AppDelegate.swift */,
				5A3801B02695D93100883225 /* SceneDelegate.swift */,
				5A3801B22695D93100883225 /* ViewController.swift */,
				5A3801B42695D93100883225 /* Main.storyboard */,
				5A3801B72695D93200883225 /* Assets.xcassets */,
				5A3801B92695D93200883225 /* LaunchScreen.storyboard */,
				5A3801BC2695D93200883225 /* Info.plist */,
			);
			path = NeuroApp;
			sourceTree = "<group>";
		};
		62453CF0FC5E7EADDAAEFDF9 /* Pods */ = {
			isa = PBXGroup;
			children = (
				BEB5D7C3CD95221617F4863F /* Pods-NeuroApp.debug.xcconfig */,
				3CF92E3AF3D915B2C760514E /* Pods-NeuroApp.release.xcconfig */,
			);
			name = Pods;
			path = Pods;
			sourceTree = "<group>";
		};
		664AD6C48FE9B30C72082A1F /* View */ = {
			isa = PBXGroup;
			children = (
				8BE92981166A6B978CB561F9 /* LoginViewInput.swift */,
				36D87C7304176BA9AC667ECD /* LoginViewOutput.swift */,
				40202D76FE8F86631EECED60 /* LoginViewController.swift */,
			);
			path = View;
			sourceTree = "<group>";
		};
		81436725E27502BEDDF99F19 /* Presentation */ = {
			isa = PBXGroup;
			children = (
				DB23E1C2A8445B2E475B23CC /* Login */,
			);
			path = Presentation;
			sourceTree = "<group>";
		};
		889ACCE0A408BC9F598FA8A3 /* Presenter */ = {
			isa = PBXGroup;
			children = (
				EE2B3F436F6510CF6946D596 /* LoginModuleInput.swift */,
				DBEFB1E4E929268C0496E42F /* LoginPresenter.swift */,
			);
			path = Presenter;
			sourceTree = "<group>";
		};
		8AE8CFEBE763825884950FED /* Configurator */ = {
			isa = PBXGroup;
			children = (
				D072AD93DCEAFD5C9BF4BA60 /* LoginConfigurator.swift */,
				07A32D1AB985482BA4609513 /* LoginInitializer.swift */,
			);
			path = Configurator;
			sourceTree = "<group>";
		};
		DB23E1C2A8445B2E475B23CC /* Login */ = {
			isa = PBXGroup;
			children = (
				664AD6C48FE9B30C72082A1F /* View */,
				889ACCE0A408BC9F598FA8A3 /* Presenter */,
				F0C3FC5F7B604007CC5AA48E /* Interactor */,
				24F2A61E3822EFBBE6B758A8 /* Router */,
				8AE8CFEBE763825884950FED /* Configurator */,
			);
			path = Login;
			sourceTree = "<group>";
		};
		F0C3FC5F7B604007CC5AA48E /* Interactor */ = {
			isa = PBXGroup;
			children = (
				B9C07331B69F3FDFE224B9B1 /* LoginInteractorInput.swift */,
				9AC1BAC5DE7A4F22DE8690A2 /* LoginInteractorOutput.swift */,
				7C032DA1AA468A79E6DB51B4 /* LoginInteractor.swift */,
			);
			path = Interactor;
			sourceTree = "<group>";
		};
/* End PBXGroup section */

/* Begin PBXNativeTarget section */
		5A3801AA2695D93100883225 /* NeuroApp */ = {
			isa = PBXNativeTarget;
			buildConfigurationList = 5A3801BF2695D93200883225 /* Build configuration list for PBXNativeTarget "NeuroApp" */;
			buildPhases = (
				962F6591C28FA2C71DF05661 /* [CP] Check Pods Manifest.lock */,
				5A3801A72695D93100883225 /* Sources */,
				5A3801A82695D93100883225 /* Frameworks */,
				5A3801A92695D93100883225 /* Resources */,
			);
			buildRules = (
			);
			dependencies = (
			);
			name = NeuroApp;
			productName = NeuroApp;
			productReference = 5A3801AB2695D93100883225 /* NeuroApp.app */;
			productType = "com.apple.product-type.application";
		};
/* End PBXNativeTarget section */

/* Begin PBXProject section */
		5A3801A32695D93100883225 /* Project object */ = {
			isa = PBXProject;
			attributes = {
				LastSwiftUpdateCheck = 1250;
				LastUpgradeCheck = 1250;
				TargetAttributes = {
					5A3801AA2695D93100883225 = {
						CreatedOnToolsVersion = 12.5.1;
					};
				};
			};
			buildConfigurationList = 5A3801A62695D93100883225 /* Build configuration list for PBXProject "NeuroApp" */;
			compatibilityVersion = "Xcode 9.3";
			developmentRegion = en;
			hasScannedForEncodings = 0;
			knownRegions = (
				en,
				Base,
			);
			mainGroup = 5A3801A22695D93100883225;
			productRefGroup = 5A3801AC2695D93100883225 /* Products */;
			projectDirPath = "";
			projectRoot = "";
			targets = (
				5A3801AA2695D93100883225 /* NeuroApp */,
			);
		};
/* End PBXProject section */

/* Begin PBXResourcesBuildPhase section */
		5A3801A92695D93100883225 /* Resources */ = {
			isa = PBXResourcesBuildPhase;
			buildActionMask = 2147483647;
			files = (
				5A3801BB2695D93200883225 /* LaunchScreen.storyboard in Resources */,
				5A3801B82695D93200883225 /* Assets.xcassets in Resources */,
				5A3801B62695D93100883225 /* Main.storyboard in Resources */,
			);
			runOnlyForDeploymentPostprocessing = 0;
		};
/* End PBXResourcesBuildPhase section */

/* Begin PBXShellScriptBuildPhase section */
		962F6591C28FA2C71DF05661 /* [CP] Check Pods Manifest.lock */ = {
			isa = PBXShellScriptBuildPhase;
			buildActionMask = 2147483647;
			files = (
			);
			inputFileListPaths = (
			);
			inputPaths = (
				"${PODS_PODFILE_DIR_PATH}/Podfile.lock",
				"${PODS_ROOT}/Manifest.lock",
			);
			name = "[CP] Check Pods Manifest.lock";
			outputFileListPaths = (
			);
			outputPaths = (
				"$(DERIVED_FILE_DIR)/Pods-NeuroApp-checkManifestLockResult.txt",
			);
			runOnlyForDeploymentPostprocessing = 0;
			shellPath = /bin/sh;
			shellScript = "diff \"${PODS_PODFILE_DIR_PATH}/Podfile.lock\" \"${PODS_ROOT}/Manifest.lock\" > /dev/null\nif [ $? != 0 ] ; then\n    # print error to STDERR\n    echo \"error: The sandbox is not in sync with the Podfile.lock. Run 'pod install' or update your CocoaPods installation.\" >&2\n    exit 1\nfi\n# This output is used by Xcode 'outputs' to avoid re-running this script phase.\necho \"SUCCESS\" > \"${SCRIPT_OUTPUT_FILE_0}\"\n";
			showEnvVarsInLog = 0;
		};
/* End PBXShellScriptBuildPhase section */

/* Begin PBXSourcesBuildPhase section */
		5A3801A72695D93100883225 /* Sources */ = {
			isa = PBXSourcesBuildPhase;
			buildActionMask = 2147483647;
			files = (
				5A3801B32695D93100883225 /* ViewController.swift in Sources */,
				5A3801AF2695D93100883225 /* AppDelegate.swift in Sources */,
				5A3801B12695D93100883225 /* SceneDelegate.swift in Sources */,
				F1326626EA12D7448B95F0C6 /* LoginViewInput.swift in Sources */,
				9E92996860D761801CB29D86 /* LoginViewOutput.swift in Sources */,
				9B9B2EE8B558B52CB9602C40 /* LoginViewController.swift in Sources */,
				7FA0EB6918729B2EA44FE5C6 /* LoginModuleInput.swift in Sources */,
				DC40A00B20A3786F8C53AE08 /* LoginPresenter.swift in Sources */,
				A6B9C09DA15838EF4C1C6A7D /* LoginInteractorInput.swift in Sources */,
				5FEA458D538B1C0D63E53B2D /* LoginInteractorOutput.swift in Sources */,
				FBAA2CFEA779E79C9486E8C2 /* LoginInteractor.swift in Sources */,
				B0388DAFB78645FC4999865C /* LoginRouterInput.swift in Sources */,
				1412C774CE55C6E0C031C6FB /* LoginRouter.swift in Sources */,
				61BF5B7CEAE781CE40CDC899 /* LoginConfigurator.swift in Sources */,
				35E0800B4950274D0E7D4706 /* LoginInitializer.swift in Sources */,
			);
			runOnlyForDeploymentPostprocessing = 0;
		};
/* End PBXSourcesBuildPhase section */

/* Begin PBXVariantGroup section */
		5A3801B42695D93100883225 /* Main.storyboard */ = {
			isa = PBXVariantGroup;
			children = (
				5A3801B52695D93100883225 /* Base */,
			);
			name = Main.storyboard;
			sourceTree = "<group>";
		};
		5A3801B92695D93200883225 /* LaunchScreen.storyboard */ = {
			isa = PBXVariantGroup;
			children = (
				5A3801BA2695D93200883225 /* Base */,
			);
			name = LaunchScreen.storyboard;
			sourceTree = "<group>";
		};
/* End PBXVariantGroup section */

/* Begin XCBuildConfiguration section */
		5A3801BD2695D93200883225 /* Debug */ = {
			isa = XCBuildConfiguration;
			buildSettings = {
				ALWAYS_SEARCH_USER_PATHS = NO;
				CLANG_ANALYZER_NONNULL = YES;
				CLANG_ANALYZER_NUMBER_OBJECT_CONVERSION = YES_AGGRESSIVE;
				CLANG_CXX_LANGUAGE_STANDARD = "gnu++14";
				CLANG_CXX_LIBRARY = "libc++";
				CLANG_ENABLE_MODULES = YES;
				CLANG_ENABLE_OBJC_ARC = YES;
				CLANG_ENABLE_OBJC_WEAK = YES;
				CLANG_WARN_BLOCK_CAPTURE_AUTORELEASING = YES;
				CLANG_WARN_BOOL_CONVERSION = YES;
				CLANG_WARN_COMMA = YES;
				CLANG_WARN_CONSTANT_CONVERSION = YES;
				CLANG_WARN_DEPRECATED_OBJC_IMPLEMENTATIONS = YES;
				CLANG_WARN_DIRECT_OBJC_ISA_USAGE = YES_ERROR;
				CLANG_WARN_DOCUMENTATION_COMMENTS = YES;
				CLANG_WARN_EMPTY_BODY = YES;
				CLANG_WARN_ENUM_CONVERSION = YES;
				CLANG_WARN_INFINITE_RECURSION = YES;
				CLANG_WARN_INT_CONVERSION = YES;
				CLANG_WARN_NON_LITERAL_NULL_CONVERSION = YES;
				CLANG_WARN_OBJC_IMPLICIT_RETAIN_SELF = YES;
				CLANG_WARN_OBJC_LITERAL_CONVERSION = YES;
				CLANG_WARN_OBJC_ROOT_CLASS = YES_ERROR;
				CLANG_WARN_QUOTED_INCLUDE_IN_FRAMEWORK_HEADER = YES;
				CLANG_WARN_RANGE_LOOP_ANALYSIS = YES;
				CLANG_WARN_STRICT_PROTOTYPES = YES;
				CLANG_WARN_SUSPICIOUS_MOVE = YES;
				CLANG_WARN_UNGUARDED_AVAILABILITY = YES_AGGRESSIVE;
				CLANG_WARN_UNREACHABLE_CODE = YES;
				CLANG_WARN__DUPLICATE_METHOD_MATCH = YES;
				COPY_PHASE_STRIP = NO;
				DEBUG_INFORMATION_FORMAT = dwarf;
				ENABLE_STRICT_OBJC_MSGSEND = YES;
				ENABLE_TESTABILITY = YES;
				GCC_C_LANGUAGE_STANDARD = gnu11;
				GCC_DYNAMIC_NO_PIC = NO;
				GCC_NO_COMMON_BLOCKS = YES;
				GCC_OPTIMIZATION_LEVEL = 0;
				GCC_PREPROCESSOR_DEFINITIONS = (
					"DEBUG=1",
					"$(inherited)",
				);
				GCC_WARN_64_TO_32_BIT_CONVERSION = YES;
				GCC_WARN_ABOUT_RETURN_TYPE = YES_ERROR;
				GCC_WARN_UNDECLARED_SELECTOR = YES;
				GCC_WARN_UNINITIALIZED_AUTOS = YES_AGGRESSIVE;
				GCC_WARN_UNUSED_FUNCTION = YES;
				GCC_WARN_UNUSED_VARIABLE = YES;
				IPHONEOS_DEPLOYMENT_TARGET = 14.5;
				MTL_ENABLE_DEBUG_INFO = INCLUDE_SOURCE;
				MTL_FAST_MATH = YES;
				ONLY_ACTIVE_ARCH = YES;
				SDKROOT = iphoneos;
				SWIFT_ACTIVE_COMPILATION_CONDITIONS = DEBUG;
				SWIFT_OPTIMIZATION_LEVEL = "-Onone";
			};
			name = Debug;
		};
		5A3801BE2695D93200883225 /* Release */ = {
			isa = XCBuildConfiguration;
			buildSettings = {
				ALWAYS_SEARCH_USER_PATHS = NO;
				CLANG_ANALYZER_NONNULL = YES;
				CLANG_ANALYZER_NUMBER_OBJECT_CONVERSION = YES_AGGRESSIVE;
				CLANG_CXX_LANGUAGE_STANDARD = "gnu++14";
				CLANG_CXX_LIBRARY = "libc++";
				CLANG_ENABLE_MODULES = YES;
				CLANG_ENABLE_OBJC_ARC = YES;
				CLANG_ENABLE_OBJC_WEAK = YES;
				CLANG_WARN_BLOCK_CAPTURE_AUTORELEASING = YES;
				CLANG_WARN_BOOL_CONVERSION = YES;
				CLANG_WARN_COMMA = YES;
				CLANG_WARN_CONSTANT_CONVERSION = YES;
				CLANG_WARN_DEPRECATED_OBJC_IMPLEMENTATIONS = YES;
				CLANG_WARN_DIRECT_OBJC_ISA_USAGE = YES_ERROR;
				CLANG_WARN_DOCUMENTATION_COMMENTS = YES;
				CLANG_WARN_EMPTY_BODY = YES;
				CLANG_WARN_ENUM_CONVERSION = YES;
				CLANG_WARN_INFINITE_RECURSION = YES;
				CLANG_WARN_INT_CONVERSION = YES;
				CLANG_WARN_NON_LITERAL_NULL_CONVERSION = YES;
				CLANG_WARN_OBJC_IMPLICIT_RETAIN_SELF = YES;
				CLANG_WARN_OBJC_LITERAL_CONVERSION = YES;
				CLANG_WARN_OBJC_ROOT_CLASS = YES_ERROR;
				CLANG_WARN_QUOTED_INCLUDE_IN_FRAMEWORK_HEADER = YES;
				CLANG_WARN_RANGE_LOOP_ANALYSIS = YES;
				CLANG_WARN_STRICT_PROTOTYPES = YES;
				CLANG_WARN_SUSPICIOUS_MOVE = YES;
				CLANG_WARN_UNGUARDED_AVAILABILITY = YES_AGGRESSIVE;
				CLANG_WARN_UNREACHABLE_CODE = YES;
				CLANG_WARN__DUPLICATE_METHOD_MATCH = YES;
				COPY_PHASE_STRIP = NO;
				DEBUG_INFORMATION_FORMAT = "dwarf-with-dsym";
				ENABLE_NS_ASSERTIONS = NO;
				ENABLE_STRICT_OBJC_MSGSEND = YES;
				GCC_C_LANGUAGE_STANDARD = gnu11;
				GCC_NO_COMMON_BLOCKS = YES;
				GCC_WARN_64_TO_32_BIT_CONVERSION = YES;
				GCC_WARN_ABOUT_RETURN_TYPE = YES_ERROR;
				GCC_WARN_UNDECLARED_SELECTOR = YES;
				GCC_WARN_UNINITIALIZED_AUTOS = YES_AGGRESSIVE;
				GCC_WARN_UNUSED_FUNCTION = YES;
				GCC_WARN_UNUSED_VARIABLE = YES;
				IPHONEOS_DEPLOYMENT_TARGET = 14.5;
				MTL_ENABLE_DEBUG_INFO = NO;
				MTL_FAST_MATH = YES;
				SDKROOT = iphoneos;
				SWIFT_COMPILATION_MODE = wholemodule;
				SWIFT_OPTIMIZATION_LEVEL = "-O";
				VALIDATE_PRODUCT = YES;
			};
			name = Release;
		};
		5A3801C02695D93200883225 /* Debug */ = {
			isa = XCBuildConfiguration;
			baseConfigurationReference = BEB5D7C3CD95221617F4863F /* Pods-NeuroApp.debug.xcconfig */;
			buildSettings = {
				ASSETCATALOG_COMPILER_APPICON_NAME = AppIcon;
				ASSETCATALOG_COMPILER_GLOBAL_ACCENT_COLOR_NAME = AccentColor;
				CODE_SIGN_STYLE = Automatic;
				DEVELOPMENT_TEAM = B2FWVJ8N6B;
				INFOPLIST_FILE = NeuroApp/Info.plist;
				LD_RUNPATH_SEARCH_PATHS = (
					"$(inherited)",
					"@executable_path/Frameworks",
				);
				PRODUCT_BUNDLE_IDENTIFIER = "Nikita-Gras.NeuroApp";
				PRODUCT_NAME = "$(TARGET_NAME)";
				SWIFT_VERSION = 5.0;
				TARGETED_DEVICE_FAMILY = "1,2";
			};
			name = Debug;
		};
		5A3801C12695D93200883225 /* Release */ = {
			isa = XCBuildConfiguration;
			baseConfigurationReference = 3CF92E3AF3D915B2C760514E /* Pods-NeuroApp.release.xcconfig */;
			buildSettings = {
				ASSETCATALOG_COMPILER_APPICON_NAME = AppIcon;
				ASSETCATALOG_COMPILER_GLOBAL_ACCENT_COLOR_NAME = AccentColor;
				CODE_SIGN_STYLE = Automatic;
				DEVELOPMENT_TEAM = B2FWVJ8N6B;
				INFOPLIST_FILE = NeuroApp/Info.plist;
				LD_RUNPATH_SEARCH_PATHS = (
					"$(inherited)",
					"@executable_path/Frameworks",
				);
				PRODUCT_BUNDLE_IDENTIFIER = "Nikita-Gras.NeuroApp";
				PRODUCT_NAME = "$(TARGET_NAME)";
				SWIFT_VERSION = 5.0;
				TARGETED_DEVICE_FAMILY = "1,2";
			};
			name = Release;
		};
/* End XCBuildConfiguration section */

/* Begin XCConfigurationList section */
		5A3801A62695D93100883225 /* Build configuration list for PBXProject "NeuroApp" */ = {
			isa = XCConfigurationList;
			buildConfigurations = (
				5A3801BD2695D93200883225 /* Debug */,
				5A3801BE2695D93200883225 /* Release */,
			);
			defaultConfigurationIsVisible = 0;
			defaultConfigurationName = Release;
		};
		5A3801BF2695D93200883225 /* Build configuration list for PBXNativeTarget "NeuroApp" */ = {
			isa = XCConfigurationList;
			buildConfigurations = (
				5A3801C02695D93200883225 /* Debug */,
				5A3801C12695D93200883225 /* Release */,
			);
			defaultConfigurationIsVisible = 0;
			defaultConfigurationName = Release;
		};
/* End XCConfigurationList section */
	};
	rootObject = 5A3801A32695D93100883225 /* Project object */;
}
